// !$*UTF8*$!
{
	archiveVersion = 1;
	classes = {
	};
	objectVersion = 56;
	objects = {

/* Begin PBXBuildFile section */
		990E4A842CB30EAB009F88A0 /* ThankYouView.swift in Sources */ = {isa = PBXBuildFile; fileRef = 990E4A832CB30EAB009F88A0 /* ThankYouView.swift */; };
		990E4A862CB30EB8009F88A0 /* LoopAudioConfirmationView.swift in Sources */ = {isa = PBXBuildFile; fileRef = 990E4A852CB30EB8009F88A0 /* LoopAudioConfirmationView.swift */; };
		990E4A882CB30EC0009F88A0 /* WavyBackground.swift in Sources */ = {isa = PBXBuildFile; fileRef = 990E4A872CB30EC0009F88A0 /* WavyBackground.swift */; };
		990E4A8A2CB47FEE009F88A0 /* LaunchManager.swift in Sources */ = {isa = PBXBuildFile; fileRef = 990E4A892CB47FEE009F88A0 /* LaunchManager.swift */; };
		990E4A8C2CB48BAF009F88A0 /* PagesHolderView.swift in Sources */ = {isa = PBXBuildFile; fileRef = 990E4A8B2CB48BAF009F88A0 /* PagesHolderView.swift */; };
		990E4A8E2CB48BB9009F88A0 /* SplashScreen.swift in Sources */ = {isa = PBXBuildFile; fileRef = 990E4A8D2CB48BB9009F88A0 /* SplashScreen.swift */; };
		990E4A902CB48BDD009F88A0 /* PageType.swift in Sources */ = {isa = PBXBuildFile; fileRef = 990E4A8F2CB48BDD009F88A0 /* PageType.swift */; };
		990E4A922CB48CEF009F88A0 /* InsightsView.swift in Sources */ = {isa = PBXBuildFile; fileRef = 990E4A912CB48CEF009F88A0 /* InsightsView.swift */; };
		990E4A942CBDCA24009F88A0 /* VideoManager.swift in Sources */ = {isa = PBXBuildFile; fileRef = 990E4A932CBDCA24009F88A0 /* VideoManager.swift */; };
		990E4A962CBDCA51009F88A0 /* VideoRecordingView.swift in Sources */ = {isa = PBXBuildFile; fileRef = 990E4A952CBDCA51009F88A0 /* VideoRecordingView.swift */; };
		990E4A9A2CBDD091009F88A0 /* VideoRecordButton.swift in Sources */ = {isa = PBXBuildFile; fileRef = 990E4A992CBDD091009F88A0 /* VideoRecordButton.swift */; };
		990E4A9C2CBDD1BB009F88A0 /* LoopVideoConfirmationView.swift in Sources */ = {isa = PBXBuildFile; fileRef = 990E4A9B2CBDD1BB009F88A0 /* LoopVideoConfirmationView.swift */; };
		990E4A9E2CBDE063009F88A0 /* ViewPastLoopView.swift in Sources */ = {isa = PBXBuildFile; fileRef = 990E4A9D2CBDE063009F88A0 /* ViewPastLoopView.swift */; };
		990E4AA02CBF0E29009F88A0 /* FirstLaunchManager.swift in Sources */ = {isa = PBXBuildFile; fileRef = 990E4A9F2CBF0E29009F88A0 /* FirstLaunchManager.swift */; };
		990E4AA22CC095BE009F88A0 /* ViewAllLoopsView.swift in Sources */ = {isa = PBXBuildFile; fileRef = 990E4AA12CC095BE009F88A0 /* ViewAllLoopsView.swift */; };
		990E4AA42CC0A7CD009F88A0 /* InsightModels.swift in Sources */ = {isa = PBXBuildFile; fileRef = 990E4AA32CC0A7CD009F88A0 /* InsightModels.swift */; };
		9988DB7C2CD9B69D005628DE /* SendLoopToFriends.swift in Sources */ = {isa = PBXBuildFile; fileRef = 9988DB7B2CD9B69D005628DE /* SendLoopToFriends.swift */; };
		9988DB852CD9BFAC005628DE /* FriendsView.swift in Sources */ = {isa = PBXBuildFile; fileRef = 9988DB842CD9BFAC005628DE /* FriendsView.swift */; };
		9988DB8B2CD9CAEE005628DE /* SharedLoop.swift in Sources */ = {isa = PBXBuildFile; fileRef = 9988DB8A2CD9CAEE005628DE /* SharedLoop.swift */; };
		9988DB8D2CDA77C8005628DE /* PrivateUserRecord.swift in Sources */ = {isa = PBXBuildFile; fileRef = 9988DB8C2CDA77C8005628DE /* PrivateUserRecord.swift */; };
		9988DB8F2CDA77FB005628DE /* PublicUserRecord.swift in Sources */ = {isa = PBXBuildFile; fileRef = 9988DB8E2CDA77FB005628DE /* PublicUserRecord.swift */; };
		9988DB912CDA792F005628DE /* FriendsManager.swift in Sources */ = {isa = PBXBuildFile; fileRef = 9988DB902CDA792F005628DE /* FriendsManager.swift */; };
		9988DB952CDA7F92005628DE /* FriendRequest.swift in Sources */ = {isa = PBXBuildFile; fileRef = 9988DB942CDA7F92005628DE /* FriendRequest.swift */; };
		9988DB972CDA8508005628DE /* AddFriends.swift in Sources */ = {isa = PBXBuildFile; fileRef = 9988DB962CDA8508005628DE /* AddFriends.swift */; };
		99A0C8F12CA9EF2400F9281A /* LoopApp.swift in Sources */ = {isa = PBXBuildFile; fileRef = 99A0C8F02CA9EF2400F9281A /* LoopApp.swift */; };
		99A0C8F32CA9EF2400F9281A /* ContentView.swift in Sources */ = {isa = PBXBuildFile; fileRef = 99A0C8F22CA9EF2400F9281A /* ContentView.swift */; };
		99A0C8F52CA9EF2600F9281A /* Assets.xcassets in Resources */ = {isa = PBXBuildFile; fileRef = 99A0C8F42CA9EF2600F9281A /* Assets.xcassets */; };
		99A0C8F82CA9EF2600F9281A /* Preview Assets.xcassets in Resources */ = {isa = PBXBuildFile; fileRef = 99A0C8F72CA9EF2600F9281A /* Preview Assets.xcassets */; };
		99A0C9042CA9F70500F9281A /* UserCloudKitUtility.swift in Sources */ = {isa = PBXBuildFile; fileRef = 99A0C9032CA9F70500F9281A /* UserCloudKitUtility.swift */; };
		99F7F6E52CAC77E7009858AC /* IntroView.swift in Sources */ = {isa = PBXBuildFile; fileRef = 99F7F6E42CAC77E7009858AC /* IntroView.swift */; };
		99F7F6E72CAC77F4009858AC /* HomeView.swift in Sources */ = {isa = PBXBuildFile; fileRef = 99F7F6E62CAC77F4009858AC /* HomeView.swift */; };
		99F7F6E92CAC792C009858AC /* NotificationManager.swift in Sources */ = {isa = PBXBuildFile; fileRef = 99F7F6E82CAC792C009858AC /* NotificationManager.swift */; };
		99F7F6EB2CAC7935009858AC /* AudioManager.swift in Sources */ = {isa = PBXBuildFile; fileRef = 99F7F6EA2CAC7935009858AC /* AudioManager.swift */; };
		99F7F6ED2CAC796E009858AC /* RecordLoopView.swift in Sources */ = {isa = PBXBuildFile; fileRef = 99F7F6EC2CAC796E009858AC /* RecordLoopView.swift */; };
		99F7F6F12CAC7B5B009858AC /* LoopCloudKitUtility.swift in Sources */ = {isa = PBXBuildFile; fileRef = 99F7F6F02CAC7B5B009858AC /* LoopCloudKitUtility.swift */; };
		99F7F6F32CAC7D0F009858AC /* Loop.swift in Sources */ = {isa = PBXBuildFile; fileRef = 99F7F6F22CAC7D0F009858AC /* Loop.swift */; };
		99F7F6F52CAC7DB4009858AC /* LoopManager.swift in Sources */ = {isa = PBXBuildFile; fileRef = 99F7F6F42CAC7DB4009858AC /* LoopManager.swift */; };
		99F7F6F72CAC93B4009858AC /* LoopRevealDate.swift in Sources */ = {isa = PBXBuildFile; fileRef = 99F7F6F62CAC93B4009858AC /* LoopRevealDate.swift */; };
		99F7F6FD2CAF814B009858AC /* RecordLoopsView.swift in Sources */ = {isa = PBXBuildFile; fileRef = 99F7F6FC2CAF814B009858AC /* RecordLoopsView.swift */; };
		99F7F6FF2CAF8580009858AC /* Extensions.swift in Sources */ = {isa = PBXBuildFile; fileRef = 99F7F6FE2CAF8580009858AC /* Extensions.swift */; };
/* End PBXBuildFile section */

/* Begin PBXCopyFilesBuildPhase section */
		9988DBAC2CDADE4E005628DE /* Embed Frameworks */ = {
			isa = PBXCopyFilesBuildPhase;
			buildActionMask = 2147483647;
			dstPath = "";
			dstSubfolderSpec = 10;
			files = (
			);
			name = "Embed Frameworks";
			runOnlyForDeploymentPostprocessing = 0;
		};
/* End PBXCopyFilesBuildPhase section */

/* Begin PBXFileReference section */
		990E4A832CB30EAB009F88A0 /* ThankYouView.swift */ = {isa = PBXFileReference; lastKnownFileType = sourcecode.swift; path = ThankYouView.swift; sourceTree = "<group>"; };
		990E4A852CB30EB8009F88A0 /* LoopAudioConfirmationView.swift */ = {isa = PBXFileReference; lastKnownFileType = sourcecode.swift; path = LoopAudioConfirmationView.swift; sourceTree = "<group>"; };
		990E4A872CB30EC0009F88A0 /* WavyBackground.swift */ = {isa = PBXFileReference; lastKnownFileType = sourcecode.swift; path = WavyBackground.swift; sourceTree = "<group>"; };
		990E4A892CB47FEE009F88A0 /* LaunchManager.swift */ = {isa = PBXFileReference; lastKnownFileType = sourcecode.swift; path = LaunchManager.swift; sourceTree = "<group>"; };
		990E4A8B2CB48BAF009F88A0 /* PagesHolderView.swift */ = {isa = PBXFileReference; lastKnownFileType = sourcecode.swift; path = PagesHolderView.swift; sourceTree = "<group>"; };
		990E4A8D2CB48BB9009F88A0 /* SplashScreen.swift */ = {isa = PBXFileReference; lastKnownFileType = sourcecode.swift; path = SplashScreen.swift; sourceTree = "<group>"; };
		990E4A8F2CB48BDD009F88A0 /* PageType.swift */ = {isa = PBXFileReference; lastKnownFileType = sourcecode.swift; path = PageType.swift; sourceTree = "<group>"; };
		990E4A912CB48CEF009F88A0 /* InsightsView.swift */ = {isa = PBXFileReference; lastKnownFileType = sourcecode.swift; path = InsightsView.swift; sourceTree = "<group>"; };
		990E4A932CBDCA24009F88A0 /* VideoManager.swift */ = {isa = PBXFileReference; lastKnownFileType = sourcecode.swift; path = VideoManager.swift; sourceTree = "<group>"; };
		990E4A952CBDCA51009F88A0 /* VideoRecordingView.swift */ = {isa = PBXFileReference; lastKnownFileType = sourcecode.swift; path = VideoRecordingView.swift; sourceTree = "<group>"; };
		990E4A992CBDD091009F88A0 /* VideoRecordButton.swift */ = {isa = PBXFileReference; lastKnownFileType = sourcecode.swift; path = VideoRecordButton.swift; sourceTree = "<group>"; };
		990E4A9B2CBDD1BB009F88A0 /* LoopVideoConfirmationView.swift */ = {isa = PBXFileReference; lastKnownFileType = sourcecode.swift; path = LoopVideoConfirmationView.swift; sourceTree = "<group>"; };
		990E4A9D2CBDE063009F88A0 /* ViewPastLoopView.swift */ = {isa = PBXFileReference; lastKnownFileType = sourcecode.swift; path = ViewPastLoopView.swift; sourceTree = "<group>"; };
		990E4A9F2CBF0E29009F88A0 /* FirstLaunchManager.swift */ = {isa = PBXFileReference; lastKnownFileType = sourcecode.swift; path = FirstLaunchManager.swift; sourceTree = "<group>"; };
		990E4AA12CC095BE009F88A0 /* ViewAllLoopsView.swift */ = {isa = PBXFileReference; lastKnownFileType = sourcecode.swift; path = ViewAllLoopsView.swift; sourceTree = "<group>"; };
		990E4AA32CC0A7CD009F88A0 /* InsightModels.swift */ = {isa = PBXFileReference; lastKnownFileType = sourcecode.swift; path = InsightModels.swift; sourceTree = "<group>"; };
		9988DB7B2CD9B69D005628DE /* SendLoopToFriends.swift */ = {isa = PBXFileReference; lastKnownFileType = sourcecode.swift; path = SendLoopToFriends.swift; sourceTree = "<group>"; };
		9988DB842CD9BFAC005628DE /* FriendsView.swift */ = {isa = PBXFileReference; lastKnownFileType = sourcecode.swift; path = FriendsView.swift; sourceTree = "<group>"; };
		9988DB8A2CD9CAEE005628DE /* SharedLoop.swift */ = {isa = PBXFileReference; lastKnownFileType = sourcecode.swift; path = SharedLoop.swift; sourceTree = "<group>"; };
		9988DB8C2CDA77C8005628DE /* PrivateUserRecord.swift */ = {isa = PBXFileReference; lastKnownFileType = sourcecode.swift; path = PrivateUserRecord.swift; sourceTree = "<group>"; };
		9988DB8E2CDA77FB005628DE /* PublicUserRecord.swift */ = {isa = PBXFileReference; lastKnownFileType = sourcecode.swift; path = PublicUserRecord.swift; sourceTree = "<group>"; };
		9988DB902CDA792F005628DE /* FriendsManager.swift */ = {isa = PBXFileReference; lastKnownFileType = sourcecode.swift; path = FriendsManager.swift; sourceTree = "<group>"; };
		9988DB942CDA7F92005628DE /* FriendRequest.swift */ = {isa = PBXFileReference; lastKnownFileType = sourcecode.swift; path = FriendRequest.swift; sourceTree = "<group>"; };
		9988DB962CDA8508005628DE /* AddFriends.swift */ = {isa = PBXFileReference; lastKnownFileType = sourcecode.swift; path = AddFriends.swift; sourceTree = "<group>"; };
		99A0C8ED2CA9EF2400F9281A /* Loop.app */ = {isa = PBXFileReference; explicitFileType = wrapper.application; includeInIndex = 0; path = Loop.app; sourceTree = BUILT_PRODUCTS_DIR; };
		99A0C8F02CA9EF2400F9281A /* LoopApp.swift */ = {isa = PBXFileReference; lastKnownFileType = sourcecode.swift; path = LoopApp.swift; sourceTree = "<group>"; };
		99A0C8F22CA9EF2400F9281A /* ContentView.swift */ = {isa = PBXFileReference; lastKnownFileType = sourcecode.swift; path = ContentView.swift; sourceTree = "<group>"; };
		99A0C8F42CA9EF2600F9281A /* Assets.xcassets */ = {isa = PBXFileReference; lastKnownFileType = folder.assetcatalog; path = Assets.xcassets; sourceTree = "<group>"; };
		99A0C8F72CA9EF2600F9281A /* Preview Assets.xcassets */ = {isa = PBXFileReference; lastKnownFileType = folder.assetcatalog; path = "Preview Assets.xcassets"; sourceTree = "<group>"; };
		99A0C9012CA9F5CA00F9281A /* Loop.entitlements */ = {isa = PBXFileReference; lastKnownFileType = text.plist.entitlements; path = Loop.entitlements; sourceTree = "<group>"; };
		99A0C9032CA9F70500F9281A /* UserCloudKitUtility.swift */ = {isa = PBXFileReference; lastKnownFileType = sourcecode.swift; path = UserCloudKitUtility.swift; sourceTree = "<group>"; };
		99F7F6E42CAC77E7009858AC /* IntroView.swift */ = {isa = PBXFileReference; lastKnownFileType = sourcecode.swift; path = IntroView.swift; sourceTree = "<group>"; };
		99F7F6E62CAC77F4009858AC /* HomeView.swift */ = {isa = PBXFileReference; lastKnownFileType = sourcecode.swift; path = HomeView.swift; sourceTree = "<group>"; };
		99F7F6E82CAC792C009858AC /* NotificationManager.swift */ = {isa = PBXFileReference; lastKnownFileType = sourcecode.swift; path = NotificationManager.swift; sourceTree = "<group>"; };
		99F7F6EA2CAC7935009858AC /* AudioManager.swift */ = {isa = PBXFileReference; lastKnownFileType = sourcecode.swift; path = AudioManager.swift; sourceTree = "<group>"; };
		99F7F6EC2CAC796E009858AC /* RecordLoopView.swift */ = {isa = PBXFileReference; lastKnownFileType = sourcecode.swift; path = RecordLoopView.swift; sourceTree = "<group>"; };
		99F7F6F02CAC7B5B009858AC /* LoopCloudKitUtility.swift */ = {isa = PBXFileReference; lastKnownFileType = sourcecode.swift; path = LoopCloudKitUtility.swift; sourceTree = "<group>"; };
		99F7F6F22CAC7D0F009858AC /* Loop.swift */ = {isa = PBXFileReference; lastKnownFileType = sourcecode.swift; path = Loop.swift; sourceTree = "<group>"; };
		99F7F6F42CAC7DB4009858AC /* LoopManager.swift */ = {isa = PBXFileReference; lastKnownFileType = sourcecode.swift; path = LoopManager.swift; sourceTree = "<group>"; };
		99F7F6F62CAC93B4009858AC /* LoopRevealDate.swift */ = {isa = PBXFileReference; lastKnownFileType = sourcecode.swift; path = LoopRevealDate.swift; sourceTree = "<group>"; };
		99F7F6FC2CAF814B009858AC /* RecordLoopsView.swift */ = {isa = PBXFileReference; lastKnownFileType = sourcecode.swift; path = RecordLoopsView.swift; sourceTree = "<group>"; };
		99F7F6FE2CAF8580009858AC /* Extensions.swift */ = {isa = PBXFileReference; lastKnownFileType = sourcecode.swift; path = Extensions.swift; sourceTree = "<group>"; };
/* End PBXFileReference section */

/* Begin PBXFrameworksBuildPhase section */
		99A0C8EA2CA9EF2400F9281A /* Frameworks */ = {
			isa = PBXFrameworksBuildPhase;
			buildActionMask = 2147483647;
			files = (
			);
			runOnlyForDeploymentPostprocessing = 0;
		};
/* End PBXFrameworksBuildPhase section */

/* Begin PBXGroup section */
		99A0C8E42CA9EF2400F9281A = {
			isa = PBXGroup;
			children = (
				99A0C8EF2CA9EF2400F9281A /* Loop */,
				99A0C8EE2CA9EF2400F9281A /* Products */,
			);
			sourceTree = "<group>";
		};
		99A0C8EE2CA9EF2400F9281A /* Products */ = {
			isa = PBXGroup;
			children = (
				99A0C8ED2CA9EF2400F9281A /* Loop.app */,
			);
			name = Products;
			sourceTree = "<group>";
		};
		99A0C8EF2CA9EF2400F9281A /* Loop */ = {
			isa = PBXGroup;
			children = (
				99A0C9022CA9F5F700F9281A /* Utilities */,
				99A0C9012CA9F5CA00F9281A /* Loop.entitlements */,
				99F7F6FE2CAF8580009858AC /* Extensions.swift */,
				99A0C9002CA9EF7B00F9281A /* Models */,
				99A0C8FF2CA9EF7400F9281A /* Managers */,
				99A0C8FE2CA9EF6500F9281A /* Views */,
				99A0C8F02CA9EF2400F9281A /* LoopApp.swift */,
				99A0C8F22CA9EF2400F9281A /* ContentView.swift */,
				99A0C8F42CA9EF2600F9281A /* Assets.xcassets */,
				99A0C8F62CA9EF2600F9281A /* Preview Content */,
			);
			path = Loop;
			sourceTree = "<group>";
		};
		99A0C8F62CA9EF2600F9281A /* Preview Content */ = {
			isa = PBXGroup;
			children = (
				99A0C8F72CA9EF2600F9281A /* Preview Assets.xcassets */,
			);
			path = "Preview Content";
			sourceTree = "<group>";
		};
		99A0C8FE2CA9EF6500F9281A /* Views */ = {
			isa = PBXGroup;
			children = (
				99F7F6E42CAC77E7009858AC /* IntroView.swift */,
				99F7F6E62CAC77F4009858AC /* HomeView.swift */,
				99F7F6EC2CAC796E009858AC /* RecordLoopView.swift */,
				9988DB842CD9BFAC005628DE /* FriendsView.swift */,
				99F7F6FC2CAF814B009858AC /* RecordLoopsView.swift */,
				990E4A832CB30EAB009F88A0 /* ThankYouView.swift */,
				990E4A852CB30EB8009F88A0 /* LoopAudioConfirmationView.swift */,
				990E4A872CB30EC0009F88A0 /* WavyBackground.swift */,
				990E4A8B2CB48BAF009F88A0 /* PagesHolderView.swift */,
				990E4A8D2CB48BB9009F88A0 /* SplashScreen.swift */,
				990E4A912CB48CEF009F88A0 /* InsightsView.swift */,
				990E4A952CBDCA51009F88A0 /* VideoRecordingView.swift */,
				990E4A992CBDD091009F88A0 /* VideoRecordButton.swift */,
				990E4A9B2CBDD1BB009F88A0 /* LoopVideoConfirmationView.swift */,
				990E4A9D2CBDE063009F88A0 /* ViewPastLoopView.swift */,
				990E4AA12CC095BE009F88A0 /* ViewAllLoopsView.swift */,
				9988DB962CDA8508005628DE /* AddFriends.swift */,
				9988DB7B2CD9B69D005628DE /* SendLoopToFriends.swift */,
			);
			path = Views;
			sourceTree = "<group>";
		};
		99A0C8FF2CA9EF7400F9281A /* Managers */ = {
			isa = PBXGroup;
			children = (
				99F7F6E82CAC792C009858AC /* NotificationManager.swift */,
				99F7F6EA2CAC7935009858AC /* AudioManager.swift */,
				99F7F6F42CAC7DB4009858AC /* LoopManager.swift */,
				990E4A892CB47FEE009F88A0 /* LaunchManager.swift */,
				990E4A932CBDCA24009F88A0 /* VideoManager.swift */,
				990E4A9F2CBF0E29009F88A0 /* FirstLaunchManager.swift */,
				9988DB902CDA792F005628DE /* FriendsManager.swift */,
			);
			path = Managers;
			sourceTree = "<group>";
		};
		99A0C9002CA9EF7B00F9281A /* Models */ = {
			isa = PBXGroup;
			children = (
				99F7F6F22CAC7D0F009858AC /* Loop.swift */,
				99F7F6F62CAC93B4009858AC /* LoopRevealDate.swift */,
				990E4A8F2CB48BDD009F88A0 /* PageType.swift */,
				990E4AA32CC0A7CD009F88A0 /* InsightModels.swift */,
				9988DB8A2CD9CAEE005628DE /* SharedLoop.swift */,
				9988DB8C2CDA77C8005628DE /* PrivateUserRecord.swift */,
				9988DB8E2CDA77FB005628DE /* PublicUserRecord.swift */,
				9988DB942CDA7F92005628DE /* FriendRequest.swift */,
			);
			path = Models;
			sourceTree = "<group>";
		};
		99A0C9022CA9F5F700F9281A /* Utilities */ = {
			isa = PBXGroup;
			children = (
				99A0C9032CA9F70500F9281A /* UserCloudKitUtility.swift */,
				99F7F6F02CAC7B5B009858AC /* LoopCloudKitUtility.swift */,
			);
			path = Utilities;
			sourceTree = "<group>";
		};
/* End PBXGroup section */

/* Begin PBXNativeTarget section */
		99A0C8EC2CA9EF2400F9281A /* Loop */ = {
			isa = PBXNativeTarget;
			buildConfigurationList = 99A0C8FB2CA9EF2600F9281A /* Build configuration list for PBXNativeTarget "Loop" */;
			buildPhases = (
				99A0C8E92CA9EF2400F9281A /* Sources */,
				99A0C8EA2CA9EF2400F9281A /* Frameworks */,
				99A0C8EB2CA9EF2400F9281A /* Resources */,
				9988DBAC2CDADE4E005628DE /* Embed Frameworks */,
			);
			buildRules = (
			);
			dependencies = (
			);
			name = Loop;
			packageProductDependencies = (
			);
			productName = Loop;
			productReference = 99A0C8ED2CA9EF2400F9281A /* Loop.app */;
			productType = "com.apple.product-type.application";
		};
/* End PBXNativeTarget section */

/* Begin PBXProject section */
		99A0C8E52CA9EF2400F9281A /* Project object */ = {
			isa = PBXProject;
			attributes = {
				BuildIndependentTargetsInParallel = 1;
				LastSwiftUpdateCheck = 1500;
				LastUpgradeCheck = 1500;
				TargetAttributes = {
					99A0C8EC2CA9EF2400F9281A = {
						CreatedOnToolsVersion = 15.0;
					};
				};
			};
			buildConfigurationList = 99A0C8E82CA9EF2400F9281A /* Build configuration list for PBXProject "Loop" */;
			compatibilityVersion = "Xcode 14.0";
			developmentRegion = en;
			hasScannedForEncodings = 0;
			knownRegions = (
				en,
				Base,
			);
			mainGroup = 99A0C8E42CA9EF2400F9281A;
			packageReferences = (
				9988DBA42CDADE37005628DE /* XCRemoteSwiftPackageReference "PhoneNumberKit" */,
			);
			productRefGroup = 99A0C8EE2CA9EF2400F9281A /* Products */;
			projectDirPath = "";
			projectRoot = "";
			targets = (
				99A0C8EC2CA9EF2400F9281A /* Loop */,
			);
		};
/* End PBXProject section */

/* Begin PBXResourcesBuildPhase section */
		99A0C8EB2CA9EF2400F9281A /* Resources */ = {
			isa = PBXResourcesBuildPhase;
			buildActionMask = 2147483647;
			files = (
				99A0C8F82CA9EF2600F9281A /* Preview Assets.xcassets in Resources */,
				99A0C8F52CA9EF2600F9281A /* Assets.xcassets in Resources */,
			);
			runOnlyForDeploymentPostprocessing = 0;
		};
/* End PBXResourcesBuildPhase section */

/* Begin PBXSourcesBuildPhase section */
		99A0C8E92CA9EF2400F9281A /* Sources */ = {
			isa = PBXSourcesBuildPhase;
			buildActionMask = 2147483647;
			files = (
				990E4AA42CC0A7CD009F88A0 /* InsightModels.swift in Sources */,
				990E4A9E2CBDE063009F88A0 /* ViewPastLoopView.swift in Sources */,
				990E4A8E2CB48BB9009F88A0 /* SplashScreen.swift in Sources */,
				99F7F6E92CAC792C009858AC /* NotificationManager.swift in Sources */,
				990E4A962CBDCA51009F88A0 /* VideoRecordingView.swift in Sources */,
				990E4A902CB48BDD009F88A0 /* PageType.swift in Sources */,
				99F7F6EB2CAC7935009858AC /* AudioManager.swift in Sources */,
				990E4A8C2CB48BAF009F88A0 /* PagesHolderView.swift in Sources */,
				99F7F6FD2CAF814B009858AC /* RecordLoopsView.swift in Sources */,
				9988DB952CDA7F92005628DE /* FriendRequest.swift in Sources */,
				99F7F6F52CAC7DB4009858AC /* LoopManager.swift in Sources */,
				99A0C8F32CA9EF2400F9281A /* ContentView.swift in Sources */,
				990E4A882CB30EC0009F88A0 /* WavyBackground.swift in Sources */,
				99F7F6F12CAC7B5B009858AC /* LoopCloudKitUtility.swift in Sources */,
				99F7F6ED2CAC796E009858AC /* RecordLoopView.swift in Sources */,
				990E4AA02CBF0E29009F88A0 /* FirstLaunchManager.swift in Sources */,
				99F7F6F72CAC93B4009858AC /* LoopRevealDate.swift in Sources */,
				99F7F6F32CAC7D0F009858AC /* Loop.swift in Sources */,
				9988DB8D2CDA77C8005628DE /* PrivateUserRecord.swift in Sources */,
				990E4AA22CC095BE009F88A0 /* ViewAllLoopsView.swift in Sources */,
				9988DB852CD9BFAC005628DE /* FriendsView.swift in Sources */,
				99F7F6E52CAC77E7009858AC /* IntroView.swift in Sources */,
				9988DB912CDA792F005628DE /* FriendsManager.swift in Sources */,
				990E4A862CB30EB8009F88A0 /* LoopAudioConfirmationView.swift in Sources */,
				9988DB8F2CDA77FB005628DE /* PublicUserRecord.swift in Sources */,
				990E4A922CB48CEF009F88A0 /* InsightsView.swift in Sources */,
				9988DB8B2CD9CAEE005628DE /* SharedLoop.swift in Sources */,
				990E4A942CBDCA24009F88A0 /* VideoManager.swift in Sources */,
				99A0C8F12CA9EF2400F9281A /* LoopApp.swift in Sources */,
				9988DB7C2CD9B69D005628DE /* SendLoopToFriends.swift in Sources */,
				99F7F6E72CAC77F4009858AC /* HomeView.swift in Sources */,
				99A0C9042CA9F70500F9281A /* UserCloudKitUtility.swift in Sources */,
				99F7F6FF2CAF8580009858AC /* Extensions.swift in Sources */,
				990E4A8A2CB47FEE009F88A0 /* LaunchManager.swift in Sources */,
				990E4A9C2CBDD1BB009F88A0 /* LoopVideoConfirmationView.swift in Sources */,
				990E4A9A2CBDD091009F88A0 /* VideoRecordButton.swift in Sources */,
				990E4A842CB30EAB009F88A0 /* ThankYouView.swift in Sources */,
				9988DB972CDA8508005628DE /* AddFriends.swift in Sources */,
			);
			runOnlyForDeploymentPostprocessing = 0;
		};
/* End PBXSourcesBuildPhase section */

/* Begin XCBuildConfiguration section */
		99A0C8F92CA9EF2600F9281A /* Debug */ = {
			isa = XCBuildConfiguration;
			buildSettings = {
				ALWAYS_SEARCH_USER_PATHS = NO;
				ASSETCATALOG_COMPILER_GENERATE_SWIFT_ASSET_SYMBOL_EXTENSIONS = YES;
				CLANG_ANALYZER_NONNULL = YES;
				CLANG_ANALYZER_NUMBER_OBJECT_CONVERSION = YES_AGGRESSIVE;
				CLANG_CXX_LANGUAGE_STANDARD = "gnu++20";
				CLANG_ENABLE_MODULES = YES;
				CLANG_ENABLE_OBJC_ARC = YES;
				CLANG_ENABLE_OBJC_WEAK = YES;
				CLANG_WARN_BLOCK_CAPTURE_AUTORELEASING = YES;
				CLANG_WARN_BOOL_CONVERSION = YES;
				CLANG_WARN_COMMA = YES;
				CLANG_WARN_CONSTANT_CONVERSION = YES;
				CLANG_WARN_DEPRECATED_OBJC_IMPLEMENTATIONS = YES;
				CLANG_WARN_DIRECT_OBJC_ISA_USAGE = YES_ERROR;
				CLANG_WARN_DOCUMENTATION_COMMENTS = YES;
				CLANG_WARN_EMPTY_BODY = YES;
				CLANG_WARN_ENUM_CONVERSION = YES;
				CLANG_WARN_INFINITE_RECURSION = YES;
				CLANG_WARN_INT_CONVERSION = YES;
				CLANG_WARN_NON_LITERAL_NULL_CONVERSION = YES;
				CLANG_WARN_OBJC_IMPLICIT_RETAIN_SELF = YES;
				CLANG_WARN_OBJC_LITERAL_CONVERSION = YES;
				CLANG_WARN_OBJC_ROOT_CLASS = YES_ERROR;
				CLANG_WARN_QUOTED_INCLUDE_IN_FRAMEWORK_HEADER = YES;
				CLANG_WARN_RANGE_LOOP_ANALYSIS = YES;
				CLANG_WARN_STRICT_PROTOTYPES = YES;
				CLANG_WARN_SUSPICIOUS_MOVE = YES;
				CLANG_WARN_UNGUARDED_AVAILABILITY = YES_AGGRESSIVE;
				CLANG_WARN_UNREACHABLE_CODE = YES;
				CLANG_WARN__DUPLICATE_METHOD_MATCH = YES;
				COPY_PHASE_STRIP = NO;
				DEBUG_INFORMATION_FORMAT = dwarf;
				ENABLE_STRICT_OBJC_MSGSEND = YES;
				ENABLE_TESTABILITY = YES;
				ENABLE_USER_SCRIPT_SANDBOXING = YES;
				GCC_C_LANGUAGE_STANDARD = gnu17;
				GCC_DYNAMIC_NO_PIC = NO;
				GCC_NO_COMMON_BLOCKS = YES;
				GCC_OPTIMIZATION_LEVEL = 0;
				GCC_PREPROCESSOR_DEFINITIONS = (
					"DEBUG=1",
					"$(inherited)",
				);
				GCC_WARN_64_TO_32_BIT_CONVERSION = YES;
				GCC_WARN_ABOUT_RETURN_TYPE = YES_ERROR;
				GCC_WARN_UNDECLARED_SELECTOR = YES;
				GCC_WARN_UNINITIALIZED_AUTOS = YES_AGGRESSIVE;
				GCC_WARN_UNUSED_FUNCTION = YES;
				GCC_WARN_UNUSED_VARIABLE = YES;
				IPHONEOS_DEPLOYMENT_TARGET = 17.0;
				LOCALIZATION_PREFERS_STRING_CATALOGS = YES;
				MTL_ENABLE_DEBUG_INFO = INCLUDE_SOURCE;
				MTL_FAST_MATH = YES;
				ONLY_ACTIVE_ARCH = YES;
				SDKROOT = iphoneos;
				SWIFT_ACTIVE_COMPILATION_CONDITIONS = "DEBUG $(inherited)";
				SWIFT_OPTIMIZATION_LEVEL = "-Onone";
			};
			name = Debug;
		};
		99A0C8FA2CA9EF2600F9281A /* Release */ = {
			isa = XCBuildConfiguration;
			buildSettings = {
				ALWAYS_SEARCH_USER_PATHS = NO;
				ASSETCATALOG_COMPILER_GENERATE_SWIFT_ASSET_SYMBOL_EXTENSIONS = YES;
				CLANG_ANALYZER_NONNULL = YES;
				CLANG_ANALYZER_NUMBER_OBJECT_CONVERSION = YES_AGGRESSIVE;
				CLANG_CXX_LANGUAGE_STANDARD = "gnu++20";
				CLANG_ENABLE_MODULES = YES;
				CLANG_ENABLE_OBJC_ARC = YES;
				CLANG_ENABLE_OBJC_WEAK = YES;
				CLANG_WARN_BLOCK_CAPTURE_AUTORELEASING = YES;
				CLANG_WARN_BOOL_CONVERSION = YES;
				CLANG_WARN_COMMA = YES;
				CLANG_WARN_CONSTANT_CONVERSION = YES;
				CLANG_WARN_DEPRECATED_OBJC_IMPLEMENTATIONS = YES;
				CLANG_WARN_DIRECT_OBJC_ISA_USAGE = YES_ERROR;
				CLANG_WARN_DOCUMENTATION_COMMENTS = YES;
				CLANG_WARN_EMPTY_BODY = YES;
				CLANG_WARN_ENUM_CONVERSION = YES;
				CLANG_WARN_INFINITE_RECURSION = YES;
				CLANG_WARN_INT_CONVERSION = YES;
				CLANG_WARN_NON_LITERAL_NULL_CONVERSION = YES;
				CLANG_WARN_OBJC_IMPLICIT_RETAIN_SELF = YES;
				CLANG_WARN_OBJC_LITERAL_CONVERSION = YES;
				CLANG_WARN_OBJC_ROOT_CLASS = YES_ERROR;
				CLANG_WARN_QUOTED_INCLUDE_IN_FRAMEWORK_HEADER = YES;
				CLANG_WARN_RANGE_LOOP_ANALYSIS = YES;
				CLANG_WARN_STRICT_PROTOTYPES = YES;
				CLANG_WARN_SUSPICIOUS_MOVE = YES;
				CLANG_WARN_UNGUARDED_AVAILABILITY = YES_AGGRESSIVE;
				CLANG_WARN_UNREACHABLE_CODE = YES;
				CLANG_WARN__DUPLICATE_METHOD_MATCH = YES;
				COPY_PHASE_STRIP = NO;
				DEBUG_INFORMATION_FORMAT = "dwarf-with-dsym";
				ENABLE_NS_ASSERTIONS = NO;
				ENABLE_STRICT_OBJC_MSGSEND = YES;
				ENABLE_USER_SCRIPT_SANDBOXING = YES;
				GCC_C_LANGUAGE_STANDARD = gnu17;
				GCC_NO_COMMON_BLOCKS = YES;
				GCC_WARN_64_TO_32_BIT_CONVERSION = YES;
				GCC_WARN_ABOUT_RETURN_TYPE = YES_ERROR;
				GCC_WARN_UNDECLARED_SELECTOR = YES;
				GCC_WARN_UNINITIALIZED_AUTOS = YES_AGGRESSIVE;
				GCC_WARN_UNUSED_FUNCTION = YES;
				GCC_WARN_UNUSED_VARIABLE = YES;
				IPHONEOS_DEPLOYMENT_TARGET = 17.0;
				LOCALIZATION_PREFERS_STRING_CATALOGS = YES;
				MTL_ENABLE_DEBUG_INFO = NO;
				MTL_FAST_MATH = YES;
				SDKROOT = iphoneos;
				SWIFT_COMPILATION_MODE = wholemodule;
				VALIDATE_PRODUCT = YES;
			};
			name = Release;
		};
		99A0C8FC2CA9EF2600F9281A /* Debug */ = {
			isa = XCBuildConfiguration;
			buildSettings = {
				ASSETCATALOG_COMPILER_APPICON_NAME = AppIcon;
				ASSETCATALOG_COMPILER_GLOBAL_ACCENT_COLOR_NAME = AccentColor;
				CODE_SIGN_ENTITLEMENTS = Loop/Loop.entitlements;
				CODE_SIGN_IDENTITY = "Apple Development";
				CODE_SIGN_STYLE = Automatic;
				CURRENT_PROJECT_VERSION = 1;
				DEVELOPMENT_ASSET_PATHS = "\"Loop/Preview Content\"";
				DEVELOPMENT_TEAM = NDZ2DG6484;
				ENABLE_PREVIEWS = YES;
				GENERATE_INFOPLIST_FILE = YES;
				INFOPLIST_KEY_NSCameraUsageDescription = "Required to record video loops";
				INFOPLIST_KEY_NSContactsUsageDescription = "To See Users using loop";
				INFOPLIST_KEY_NSMicrophoneUsageDescription = "So that you can Loop!";
				INFOPLIST_KEY_UIApplicationSceneManifest_Generation = YES;
				INFOPLIST_KEY_UIApplicationSupportsIndirectInputEvents = YES;
				INFOPLIST_KEY_UILaunchScreen_Generation = YES;
				INFOPLIST_KEY_UISupportedInterfaceOrientations = UIInterfaceOrientationPortrait;
				INFOPLIST_KEY_UISupportedInterfaceOrientations_iPad = "UIInterfaceOrientationPortrait UIInterfaceOrientationPortraitUpsideDown";
				LD_RUNPATH_SEARCH_PATHS = (
					"$(inherited)",
					"@executable_path/Frameworks",
				);
				MARKETING_VERSION = 1.0;
				PRODUCT_BUNDLE_IDENTIFIER = com.LoopApplication;
				PRODUCT_NAME = "$(TARGET_NAME)";
				PROVISIONING_PROFILE_SPECIFIER = "";
				SWIFT_EMIT_LOC_STRINGS = YES;
				SWIFT_VERSION = 5.0;
				TARGETED_DEVICE_FAMILY = "1,2";
			};
			name = Debug;
		};
		99A0C8FD2CA9EF2600F9281A /* Release */ = {
			isa = XCBuildConfiguration;
			buildSettings = {
				ASSETCATALOG_COMPILER_APPICON_NAME = AppIcon;
				ASSETCATALOG_COMPILER_GLOBAL_ACCENT_COLOR_NAME = AccentColor;
				CODE_SIGN_ENTITLEMENTS = Loop/Loop.entitlements;
				CODE_SIGN_IDENTITY = "Apple Development";
				CODE_SIGN_STYLE = Automatic;
				CURRENT_PROJECT_VERSION = 1;
				DEVELOPMENT_ASSET_PATHS = "\"Loop/Preview Content\"";
				DEVELOPMENT_TEAM = NDZ2DG6484;
				ENABLE_PREVIEWS = YES;
				GENERATE_INFOPLIST_FILE = YES;
				INFOPLIST_KEY_NSCameraUsageDescription = "Required to record video loops";
				INFOPLIST_KEY_NSContactsUsageDescription = "To See Users using loop";
				INFOPLIST_KEY_NSMicrophoneUsageDescription = "So that you can Loop!";
				INFOPLIST_KEY_UIApplicationSceneManifest_Generation = YES;
				INFOPLIST_KEY_UIApplicationSupportsIndirectInputEvents = YES;
				INFOPLIST_KEY_UILaunchScreen_Generation = YES;
				INFOPLIST_KEY_UISupportedInterfaceOrientations = UIInterfaceOrientationPortrait;
				INFOPLIST_KEY_UISupportedInterfaceOrientations_iPad = "UIInterfaceOrientationPortrait UIInterfaceOrientationPortraitUpsideDown";
				LD_RUNPATH_SEARCH_PATHS = (
					"$(inherited)",
					"@executable_path/Frameworks",
				);
				MARKETING_VERSION = 1.0;
				PRODUCT_BUNDLE_IDENTIFIER = com.LoopApplication;
				PRODUCT_NAME = "$(TARGET_NAME)";
				PROVISIONING_PROFILE_SPECIFIER = "";
				SWIFT_EMIT_LOC_STRINGS = YES;
				SWIFT_VERSION = 5.0;
				TARGETED_DEVICE_FAMILY = "1,2";
			};
			name = Release;
		};
/* End XCBuildConfiguration section */

/* Begin XCConfigurationList section */
		99A0C8E82CA9EF2400F9281A /* Build configuration list for PBXProject "Loop" */ = {
			isa = XCConfigurationList;
			buildConfigurations = (
				99A0C8F92CA9EF2600F9281A /* Debug */,
				99A0C8FA2CA9EF2600F9281A /* Release */,
			);
			defaultConfigurationIsVisible = 0;
			defaultConfigurationName = Release;
		};
		99A0C8FB2CA9EF2600F9281A /* Build configuration list for PBXNativeTarget "Loop" */ = {
			isa = XCConfigurationList;
			buildConfigurations = (
				99A0C8FC2CA9EF2600F9281A /* Debug */,
				99A0C8FD2CA9EF2600F9281A /* Release */,
			);
			defaultConfigurationIsVisible = 0;
			defaultConfigurationName = Release;
		};
/* End XCConfigurationList section */

/* Begin XCRemoteSwiftPackageReference section */
		9988DBA42CDADE37005628DE /* XCRemoteSwiftPackageReference "PhoneNumberKit" */ = {
			isa = XCRemoteSwiftPackageReference;
			repositoryURL = "https://github.com/marmelroy/PhoneNumberKit.git";
			requirement = {
				kind = upToNextMajorVersion;
				minimumVersion = 4.0.0;
			};
		};
/* End XCRemoteSwiftPackageReference section */
	};
	rootObject = 99A0C8E52CA9EF2400F9281A /* Project object */;
}
