// !$*UTF8*$!
{
	archiveVersion = 1;
	classes = {
	};
	objectVersion = 56;
	objects = {

/* Begin PBXBuildFile section */
		990E4A842CB30EAB009F88A0 /* ThankYouView.swift in Sources */ = {isa = PBXBuildFile; fileRef = 990E4A832CB30EAB009F88A0 /* ThankYouView.swift */; };
		990E4A862CB30EB8009F88A0 /* LoopAudioConfirmationView.swift in Sources */ = {isa = PBXBuildFile; fileRef = 990E4A852CB30EB8009F88A0 /* LoopAudioConfirmationView.swift */; };
		990E4A882CB30EC0009F88A0 /* WavyBackground.swift in Sources */ = {isa = PBXBuildFile; fileRef = 990E4A872CB30EC0009F88A0 /* WavyBackground.swift */; };
		990E4A8A2CB47FEE009F88A0 /* LaunchManager.swift in Sources */ = {isa = PBXBuildFile; fileRef = 990E4A892CB47FEE009F88A0 /* LaunchManager.swift */; };
		990E4A8C2CB48BAF009F88A0 /* PagesHolderView.swift in Sources */ = {isa = PBXBuildFile; fileRef = 990E4A8B2CB48BAF009F88A0 /* PagesHolderView.swift */; };
		990E4A8E2CB48BB9009F88A0 /* SplashScreen.swift in Sources */ = {isa = PBXBuildFile; fileRef = 990E4A8D2CB48BB9009F88A0 /* SplashScreen.swift */; };
		990E4A902CB48BDD009F88A0 /* PageType.swift in Sources */ = {isa = PBXBuildFile; fileRef = 990E4A8F2CB48BDD009F88A0 /* PageType.swift */; };
		990E4A922CB48CEF009F88A0 /* InsightsView.swift in Sources */ = {isa = PBXBuildFile; fileRef = 990E4A912CB48CEF009F88A0 /* InsightsView.swift */; };
		990E4A942CBDCA24009F88A0 /* VideoManager.swift in Sources */ = {isa = PBXBuildFile; fileRef = 990E4A932CBDCA24009F88A0 /* VideoManager.swift */; };
		990E4A962CBDCA51009F88A0 /* VideoRecordingView.swift in Sources */ = {isa = PBXBuildFile; fileRef = 990E4A952CBDCA51009F88A0 /* VideoRecordingView.swift */; };
		990E4A9A2CBDD091009F88A0 /* VideoRecordButton.swift in Sources */ = {isa = PBXBuildFile; fileRef = 990E4A992CBDD091009F88A0 /* VideoRecordButton.swift */; };
		990E4A9C2CBDD1BB009F88A0 /* LoopVideoConfirmationView.swift in Sources */ = {isa = PBXBuildFile; fileRef = 990E4A9B2CBDD1BB009F88A0 /* LoopVideoConfirmationView.swift */; };
		990E4A9E2CBDE063009F88A0 /* ViewPastLoopView.swift in Sources */ = {isa = PBXBuildFile; fileRef = 990E4A9D2CBDE063009F88A0 /* ViewPastLoopView.swift */; };
		990E4AA02CBF0E29009F88A0 /* FirstLaunchManager.swift in Sources */ = {isa = PBXBuildFile; fileRef = 990E4A9F2CBF0E29009F88A0 /* FirstLaunchManager.swift */; };
		990E4AA42CC0A7CD009F88A0 /* InsightModels.swift in Sources */ = {isa = PBXBuildFile; fileRef = 990E4AA32CC0A7CD009F88A0 /* InsightModels.swift */; };
		9915BAB52CE6AF8D00D3C44B /* DailyCheckinView.swift in Sources */ = {isa = PBXBuildFile; fileRef = 9915BAB42CE6AF8D00D3C44B /* DailyCheckinView.swift */; };
		9915BAB72CE6AF9E00D3C44B /* DailyCheckinManager.swift in Sources */ = {isa = PBXBuildFile; fileRef = 9915BAB62CE6AF9E00D3C44B /* DailyCheckinManager.swift */; };
		9915BAB92CEC332500D3C44B /* AnalysisManager.swift in Sources */ = {isa = PBXBuildFile; fileRef = 9915BAB82CEC332500D3C44B /* AnalysisManager.swift */; };
		9935CED22D23969600AF0C16 /* SpeakingHighlight.swift in Sources */ = {isa = PBXBuildFile; fileRef = 9935CED12D23969600AF0C16 /* SpeakingHighlight.swift */; };
		9935CED42D23982200AF0C16 /* SpeakingPatternCard.swift in Sources */ = {isa = PBXBuildFile; fileRef = 9935CED32D23982200AF0C16 /* SpeakingPatternCard.swift */; };
		9935CED62D239F3400AF0C16 /* AbstractCardBackground.swift in Sources */ = {isa = PBXBuildFile; fileRef = 9935CED52D239F3400AF0C16 /* AbstractCardBackground.swift */; };
		9935CED82D23A0A500AF0C16 /* DurationPatternCard.swift in Sources */ = {isa = PBXBuildFile; fileRef = 9935CED72D23A0A500AF0C16 /* DurationPatternCard.swift */; };
		9935CEDA2D23A0C200AF0C16 /* WordCountPatternCard.swift in Sources */ = {isa = PBXBuildFile; fileRef = 9935CED92D23A0C200AF0C16 /* WordCountPatternCard.swift */; };
		9935CEDC2D24576F00AF0C16 /* TimeLapseDemoView.swift in Sources */ = {isa = PBXBuildFile; fileRef = 9935CEDB2D24576F00AF0C16 /* TimeLapseDemoView.swift */; };
		9935CEDE2D24DC8400AF0C16 /* ReflectionSelectionView.swift in Sources */ = {isa = PBXBuildFile; fileRef = 9935CEDD2D24DC8400AF0C16 /* ReflectionSelectionView.swift */; };
		9935CEE02D28D07100AF0C16 /* ScheduleView.swift in Sources */ = {isa = PBXBuildFile; fileRef = 9935CEDF2D28D07100AF0C16 /* ScheduleView.swift */; };
		9935CEE42D299A7D00AF0C16 /* DailyEmotion.swift in Sources */ = {isa = PBXBuildFile; fileRef = 9935CEE32D299A7D00AF0C16 /* DailyEmotion.swift */; };
		9935CEE62D299EF400AF0C16 /* ScheduleManager.swift in Sources */ = {isa = PBXBuildFile; fileRef = 9935CEE52D299EF400AF0C16 /* ScheduleManager.swift */; };
		9935CEE82D29A3B300AF0C16 /* PreviewScheduleEmotionDay.swift in Sources */ = {isa = PBXBuildFile; fileRef = 9935CEE72D29A3B300AF0C16 /* PreviewScheduleEmotionDay.swift */; };
		9935CEEA2D29AB9E00AF0C16 /* EmotionSchedulePreview.swift in Sources */ = {isa = PBXBuildFile; fileRef = 9935CEE92D29AB9E00AF0C16 /* EmotionSchedulePreview.swift */; };
		9935CEEE2D2ADDD100AF0C16 /* RecordFreeResponseView.swift in Sources */ = {isa = PBXBuildFile; fileRef = 9935CEED2D2ADDD100AF0C16 /* RecordFreeResponseView.swift */; };
		9935CEF02D2C75DA00AF0C16 /* FullDayActivityView.swift in Sources */ = {isa = PBXBuildFile; fileRef = 9935CEEF2D2C75DA00AF0C16 /* FullDayActivityView.swift */; };
		9935CEF22D2C8C7700AF0C16 /* DayActivity.swift in Sources */ = {isa = PBXBuildFile; fileRef = 9935CEF12D2C8C7600AF0C16 /* DayActivity.swift */; };
		9935CEF42D2C8E9500AF0C16 /* ActivityCloudKidUtility.swift in Sources */ = {isa = PBXBuildFile; fileRef = 9935CEF32D2C8E9500AF0C16 /* ActivityCloudKidUtility.swift */; };
		9935CEF62D2C8ECA00AF0C16 /* AcitivtyLocalStorageUtility.swift in Sources */ = {isa = PBXBuildFile; fileRef = 9935CEF52D2C8ECA00AF0C16 /* AcitivtyLocalStorageUtility.swift */; };
		9935CEF82D2CA6BD00AF0C16 /* AITrendAnalysisModels.swift in Sources */ = {isa = PBXBuildFile; fileRef = 9935CEF72D2CA6BD00AF0C16 /* AITrendAnalysisModels.swift */; };
		9935CEFA2D2DEB4900AF0C16 /* KeyPhraseManager.swift in Sources */ = {isa = PBXBuildFile; fileRef = 9935CEF92D2DEB4900AF0C16 /* KeyPhraseManager.swift */; };
		9935CEFC2D2F1DD000AF0C16 /* TopEmotionsCard.swift in Sources */ = {isa = PBXBuildFile; fileRef = 9935CEFB2D2F1DD000AF0C16 /* TopEmotionsCard.swift */; };
		9935CF182D3082CE00AF0C16 /* GoalManager.swift in Sources */ = {isa = PBXBuildFile; fileRef = 9935CF172D3082CE00AF0C16 /* GoalManager.swift */; };
		9935CF1B2D30BB8500AF0C16 /* AddSuccessView.swift in Sources */ = {isa = PBXBuildFile; fileRef = 9935CF1A2D30BB8500AF0C16 /* AddSuccessView.swift */; };
		9935CF222D32D93800AF0C16 /* DarkBlueWave.swift in Sources */ = {isa = PBXBuildFile; fileRef = 9935CF212D32D93700AF0C16 /* DarkBlueWave.swift */; };
		9935CF242D32E1E000AF0C16 /* MoodTrendsManager.swift in Sources */ = {isa = PBXBuildFile; fileRef = 9935CF232D32E1E000AF0C16 /* MoodTrendsManager.swift */; };
		9935CF262D3426FF00AF0C16 /* MoodCheckinView.swift in Sources */ = {isa = PBXBuildFile; fileRef = 9935CF252D3426FF00AF0C16 /* MoodCheckinView.swift */; };
		9935CF282D34342000AF0C16 /* EntryCardTabView.swift in Sources */ = {isa = PBXBuildFile; fileRef = 9935CF272D34342000AF0C16 /* EntryCardTabView.swift */; };
		9953BDDD2CEE620E00348AC3 /* AnimatedBackground.swift in Sources */ = {isa = PBXBuildFile; fileRef = 9953BDDC2CEE620E00348AC3 /* AnimatedBackground.swift */; };
		9953BDE02CEE623B00348AC3 /* PulsingView.swift in Sources */ = {isa = PBXBuildFile; fileRef = 9953BDDF2CEE623B00348AC3 /* PulsingView.swift */; };
		9953BDE42CF17A5F00348AC3 /* LoadingWaveform.swift in Sources */ = {isa = PBXBuildFile; fileRef = 9953BDE32CF17A5F00348AC3 /* LoadingWaveform.swift */; };
		9953BDE62CF1832100348AC3 /* ThematicLoopCard.swift in Sources */ = {isa = PBXBuildFile; fileRef = 9953BDE52CF1832100348AC3 /* ThematicLoopCard.swift */; };
		9953BDE82CF1834500348AC3 /* ThematicLoop.swift in Sources */ = {isa = PBXBuildFile; fileRef = 9953BDE72CF1834500348AC3 /* ThematicLoop.swift */; };
		9953BDEA2CF25A7C00348AC3 /* MonthSummary.swift in Sources */ = {isa = PBXBuildFile; fileRef = 9953BDE92CF25A7C00348AC3 /* MonthSummary.swift */; };
		9953BDF22CF3A02400348AC3 /* PromptSet.swift in Sources */ = {isa = PBXBuildFile; fileRef = 9953BDF12CF3A02400348AC3 /* PromptSet.swift */; };
		9953BDF62CF40E4A00348AC3 /* ProgressIndicator.swift in Sources */ = {isa = PBXBuildFile; fileRef = 9953BDF52CF40E4A00348AC3 /* ProgressIndicator.swift */; };
		9953BDF82CF4101E00348AC3 /* RecordThematicLoopPromptsView.swift in Sources */ = {isa = PBXBuildFile; fileRef = 9953BDF72CF4101E00348AC3 /* RecordThematicLoopPromptsView.swift */; };
		9953BDFA2CF4253000348AC3 /* PurposeCard.swift in Sources */ = {isa = PBXBuildFile; fileRef = 9953BDF92CF4253000348AC3 /* PurposeCard.swift */; };
		9953BDFC2CF8105200348AC3 /* SettingsModels.swift in Sources */ = {isa = PBXBuildFile; fileRef = 9953BDFB2CF8105200348AC3 /* SettingsModels.swift */; };
		9953BDFE2CF810AB00348AC3 /* WebView.swift in Sources */ = {isa = PBXBuildFile; fileRef = 9953BDFD2CF810AB00348AC3 /* WebView.swift */; };
		9953BE002CF8EE9B00348AC3 /* MoodCloudKitUtility.swift in Sources */ = {isa = PBXBuildFile; fileRef = 9953BDFF2CF8EE9B00348AC3 /* MoodCloudKitUtility.swift */; };
		9953BE022CFABA4400348AC3 /* LocalLoopStorageUtility.swift in Sources */ = {isa = PBXBuildFile; fileRef = 9953BE012CFABA4400348AC3 /* LocalLoopStorageUtility.swift */; };
		9953BE042CFB940500348AC3 /* TabButton.swift in Sources */ = {isa = PBXBuildFile; fileRef = 9953BE032CFB940500348AC3 /* TabButton.swift */; };
		9953BE062CFBB30900348AC3 /* ArtisticBackground.swift in Sources */ = {isa = PBXBuildFile; fileRef = 9953BE052CFBB30800348AC3 /* ArtisticBackground.swift */; };
		9953BE082CFCB92600348AC3 /* StoragePreference.swift in Sources */ = {isa = PBXBuildFile; fileRef = 9953BE072CFCB92600348AC3 /* StoragePreference.swift */; };
		9953BE0C2CFCC0FC00348AC3 /* LoopData.xcdatamodeld in Sources */ = {isa = PBXBuildFile; fileRef = 9953BE0A2CFCC0FC00348AC3 /* LoopData.xcdatamodeld */; };
		9953BE0E2D07AD9700348AC3 /* TrendModels.swift in Sources */ = {isa = PBXBuildFile; fileRef = 9953BE0D2D07AD9700348AC3 /* TrendModels.swift */; };
		9953BE102D07ADC100348AC3 /* LoopComparison.swift in Sources */ = {isa = PBXBuildFile; fileRef = 9953BE0F2D07ADC100348AC3 /* LoopComparison.swift */; };
		9953BE122D07ADE400348AC3 /* LoopAnalysis.swift in Sources */ = {isa = PBXBuildFile; fileRef = 9953BE112D07ADE400348AC3 /* LoopAnalysis.swift */; };
		9953BE142D0CF79200348AC3 /* AppPromoVid.swift in Sources */ = {isa = PBXBuildFile; fileRef = 9953BE132D0CF79200348AC3 /* AppPromoVid.swift */; };
		996F82062D38719100116F86 /* WaveRatingView.swift in Sources */ = {isa = PBXBuildFile; fileRef = 996F82052D38719100116F86 /* WaveRatingView.swift */; };
		996F82082D393E2800116F86 /* TodaysReflectionWidget.swift in Sources */ = {isa = PBXBuildFile; fileRef = 996F82072D393E2800116F86 /* TodaysReflectionWidget.swift */; };
		996F820A2D39EA1300116F86 /* AIPromptManager.swift in Sources */ = {isa = PBXBuildFile; fileRef = 996F82092D39EA1300116F86 /* AIPromptManager.swift */; };
		996F820C2D39F2B200116F86 /* ReflectionCompleteView.swift in Sources */ = {isa = PBXBuildFile; fileRef = 996F820B2D39F2B200116F86 /* ReflectionCompleteView.swift */; };
		996F820E2D39FECD00116F86 /* ReflectionCardManager.swift in Sources */ = {isa = PBXBuildFile; fileRef = 996F820D2D39FECD00116F86 /* ReflectionCardManager.swift */; };
		996F82102D39FF6300116F86 /* TodaysReflectionPlanView.swift in Sources */ = {isa = PBXBuildFile; fileRef = 996F820F2D39FF6300116F86 /* TodaysReflectionPlanView.swift */; };
		996F82122D3B0B5900116F86 /* ReflectionSessionManager.swift in Sources */ = {isa = PBXBuildFile; fileRef = 996F82112D3B0B5900116F86 /* ReflectionSessionManager.swift */; };
		9988DB852CD9BFAC005628DE /* FriendsView.swift in Sources */ = {isa = PBXBuildFile; fileRef = 9988DB842CD9BFAC005628DE /* FriendsView.swift */; };
		9988DB8B2CD9CAEE005628DE /* SharedLoop.swift in Sources */ = {isa = PBXBuildFile; fileRef = 9988DB8A2CD9CAEE005628DE /* SharedLoop.swift */; };
		9988DB8D2CDA77C8005628DE /* PrivateUserRecord.swift in Sources */ = {isa = PBXBuildFile; fileRef = 9988DB8C2CDA77C8005628DE /* PrivateUserRecord.swift */; };
		9988DB8F2CDA77FB005628DE /* PublicUserRecord.swift in Sources */ = {isa = PBXBuildFile; fileRef = 9988DB8E2CDA77FB005628DE /* PublicUserRecord.swift */; };
		9988DB912CDA792F005628DE /* FriendsManager.swift in Sources */ = {isa = PBXBuildFile; fileRef = 9988DB902CDA792F005628DE /* FriendsManager.swift */; };
		9988DB952CDA7F92005628DE /* FriendRequest.swift in Sources */ = {isa = PBXBuildFile; fileRef = 9988DB942CDA7F92005628DE /* FriendRequest.swift */; };
		9988DB972CDA8508005628DE /* AddFriends.swift in Sources */ = {isa = PBXBuildFile; fileRef = 9988DB962CDA8508005628DE /* AddFriends.swift */; };
		9988DBAE2CDD25C8005628DE /* PastLoopCard.swift in Sources */ = {isa = PBXBuildFile; fileRef = 9988DBAD2CDD25C7005628DE /* PastLoopCard.swift */; };
		999DAC662D1DB54A00A6626B /* AllThemesView.swift in Sources */ = {isa = PBXBuildFile; fileRef = 999DAC652D1DB54A00A6626B /* AllThemesView.swift */; };
		999DAC702D1E236900A6626B /* DayRating.swift in Sources */ = {isa = PBXBuildFile; fileRef = 999DAC6F2D1E236900A6626B /* DayRating.swift */; };
		999DAC722D1E239400A6626B /* DayRatingSlider.swift in Sources */ = {isa = PBXBuildFile; fileRef = 999DAC712D1E239400A6626B /* DayRatingSlider.swift */; };
		999DAC762D1F4E9800A6626B /* AIAnalysis.swift in Sources */ = {isa = PBXBuildFile; fileRef = 999DAC752D1F4E9800A6626B /* AIAnalysis.swift */; };
		999DAC782D1FA82100A6626B /* TodaysInsightsView.swift in Sources */ = {isa = PBXBuildFile; fileRef = 999DAC772D1FA82000A6626B /* TodaysInsightsView.swift */; };
		999DAC7A2D1FA87600A6626B /* AnalysisManagerPreview.swift in Sources */ = {isa = PBXBuildFile; fileRef = 999DAC792D1FA87600A6626B /* AnalysisManagerPreview.swift */; };
		999DAC7C2D20757700A6626B /* DailyAIAnalysis.swift in Sources */ = {isa = PBXBuildFile; fileRef = 999DAC7B2D20757600A6626B /* DailyAIAnalysis.swift */; };
		999DAC7E2D20761400A6626B /* AITrendAnalysisManager.swift in Sources */ = {isa = PBXBuildFile; fileRef = 999DAC7D2D20761400A6626B /* AITrendAnalysisManager.swift */; };
		999DAC802D2078C400A6626B /* QuantitativeTrendsManager.swift in Sources */ = {isa = PBXBuildFile; fileRef = 999DAC7F2D2078C400A6626B /* QuantitativeTrendsManager.swift */; };
		999DAC822D208A1A00A6626B /* FrequencyModels.swift in Sources */ = {isa = PBXBuildFile; fileRef = 999DAC812D208A1A00A6626B /* FrequencyModels.swift */; };
		999DAC842D208B1F00A6626B /* MetricComparison.swift in Sources */ = {isa = PBXBuildFile; fileRef = 999DAC832D208B1F00A6626B /* MetricComparison.swift */; };
		999DAC862D20994400A6626B /* TrendsView.swift in Sources */ = {isa = PBXBuildFile; fileRef = 999DAC852D20994400A6626B /* TrendsView.swift */; };
		999DAC882D209AA100A6626B /* TrendGraph.swift in Sources */ = {isa = PBXBuildFile; fileRef = 999DAC872D209AA100A6626B /* TrendGraph.swift */; };
		999DAC8A2D20AD3700A6626B /* TrendsLoadingView.swift in Sources */ = {isa = PBXBuildFile; fileRef = 999DAC892D20AD3700A6626B /* TrendsLoadingView.swift */; };
		999DAC8C2D20F4C500A6626B /* MemoryPlaybackView.swift in Sources */ = {isa = PBXBuildFile; fileRef = 999DAC8B2D20F4C500A6626B /* MemoryPlaybackView.swift */; };
		999DAC8E2D2107D000A6626B /* RecordFeaturedLoopView.swift in Sources */ = {isa = PBXBuildFile; fileRef = 999DAC8D2D2107D000A6626B /* RecordFeaturedLoopView.swift */; };
		999DAC902D210A5000A6626B /* FeaturedPrompt.swift in Sources */ = {isa = PBXBuildFile; fileRef = 999DAC8F2D210A5000A6626B /* FeaturedPrompt.swift */; };
		999DAC922D21D2A200A6626B /* AnalysisStateLoadingViews.swift in Sources */ = {isa = PBXBuildFile; fileRef = 999DAC912D21D2A200A6626B /* AnalysisStateLoadingViews.swift */; };
		99A0C8F12CA9EF2400F9281A /* LoopApp.swift in Sources */ = {isa = PBXBuildFile; fileRef = 99A0C8F02CA9EF2400F9281A /* LoopApp.swift */; };
		99A0C8F32CA9EF2400F9281A /* ContentView.swift in Sources */ = {isa = PBXBuildFile; fileRef = 99A0C8F22CA9EF2400F9281A /* ContentView.swift */; };
		99A0C8F52CA9EF2600F9281A /* Assets.xcassets in Resources */ = {isa = PBXBuildFile; fileRef = 99A0C8F42CA9EF2600F9281A /* Assets.xcassets */; };
		99A0C8F82CA9EF2600F9281A /* Preview Assets.xcassets in Resources */ = {isa = PBXBuildFile; fileRef = 99A0C8F72CA9EF2600F9281A /* Preview Assets.xcassets */; };
		99A0C9042CA9F70500F9281A /* UserCloudKitUtility.swift in Sources */ = {isa = PBXBuildFile; fileRef = 99A0C9032CA9F70500F9281A /* UserCloudKitUtility.swift */; };
		99AC6DD42CDED81100B0D0D6 /* LoopsView.swift in Sources */ = {isa = PBXBuildFile; fileRef = 99AC6DD32CDED81100B0D0D6 /* LoopsView.swift */; };
		99AC6DD62CDFFAFA00B0D0D6 /* LoopChatView.swift in Sources */ = {isa = PBXBuildFile; fileRef = 99AC6DD52CDFFAFA00B0D0D6 /* LoopChatView.swift */; };
		99AC6DD82CE0199800B0D0D6 /* FluidParticleBackground.swift in Sources */ = {isa = PBXBuildFile; fileRef = 99AC6DD72CE0199800B0D0D6 /* FluidParticleBackground.swift */; };
		99AC6DDA2CE01A3E00B0D0D6 /* SendLoopOverlay.swift in Sources */ = {isa = PBXBuildFile; fileRef = 99AC6DD92CE01A3E00B0D0D6 /* SendLoopOverlay.swift */; };
		99AC6DDC2CE0226500B0D0D6 /* SettingsView.swift in Sources */ = {isa = PBXBuildFile; fileRef = 99AC6DDB2CE0226500B0D0D6 /* SettingsView.swift */; };
		99AC6DDE2CE03CC600B0D0D6 /* AudioBulletJournal.swift in Sources */ = {isa = PBXBuildFile; fileRef = 99AC6DDD2CE03CC600B0D0D6 /* AudioBulletJournal.swift */; };
		99AC6DE62CE0F99800B0D0D6 /* CachedLoop.swift in Sources */ = {isa = PBXBuildFile; fileRef = 99AC6DE52CE0F99800B0D0D6 /* CachedLoop.swift */; };
		99AC6DE82CE1235400B0D0D6 /* LoopLogoView.swift in Sources */ = {isa = PBXBuildFile; fileRef = 99AC6DE72CE1235400B0D0D6 /* LoopLogoView.swift */; };
		99AC6DEA2CE18E9900B0D0D6 /* LoopStreak.swift in Sources */ = {isa = PBXBuildFile; fileRef = 99AC6DE92CE18E9900B0D0D6 /* LoopStreak.swift */; };
		99CCFBB82D10DB9300DA8A55 /* AIAnalyzer.swift in Sources */ = {isa = PBXBuildFile; fileRef = 99CCFBB72D10DB9300DA8A55 /* AIAnalyzer.swift */; };
		99CCFBBC2D10DF4300DA8A55 /* CleanGraphView.swift in Sources */ = {isa = PBXBuildFile; fileRef = 99CCFBBB2D10DF4300DA8A55 /* CleanGraphView.swift */; };
		99CCFBBE2D121F2400DA8A55 /* EmptyStateView.swift in Sources */ = {isa = PBXBuildFile; fileRef = 99CCFBBD2D121F2400DA8A55 /* EmptyStateView.swift */; };
		99CCFBC02D122B0E00DA8A55 /* LoopInsightProgressView.swift in Sources */ = {isa = PBXBuildFile; fileRef = 99CCFBBF2D122B0E00DA8A55 /* LoopInsightProgressView.swift */; };
		99CCFBC22D137A2100DA8A55 /* AnalysisState.swift in Sources */ = {isa = PBXBuildFile; fileRef = 99CCFBC12D137A2100DA8A55 /* AnalysisState.swift */; };
		99DC91B32D19C112002B9A89 /* LoopCard.swift in Sources */ = {isa = PBXBuildFile; fileRef = 99DC91B22D19C112002B9A89 /* LoopCard.swift */; };
		99DC91B52D19C59B002B9A89 /* AudioWaveform.swift in Sources */ = {isa = PBXBuildFile; fileRef = 99DC91B42D19C59A002B9A89 /* AudioWaveform.swift */; };
		99DC91B72D1A258A002B9A89 /* WeeklyAnalysis.swift in Sources */ = {isa = PBXBuildFile; fileRef = 99DC91B62D1A258A002B9A89 /* WeeklyAnalysis.swift */; };
		99DC91B92D1A4658002B9A89 /* WeekInReviewView.swift in Sources */ = {isa = PBXBuildFile; fileRef = 99DC91B82D1A4658002B9A89 /* WeekInReviewView.swift */; };
		99DC91BB2D1A50BF002B9A89 /* AudioAnalyzer.swift in Sources */ = {isa = PBXBuildFile; fileRef = 99DC91BA2D1A50BF002B9A89 /* AudioAnalyzer.swift */; };
		99DC91BD2D1A50E4002B9A89 /* TranscriptionError.swift in Sources */ = {isa = PBXBuildFile; fileRef = 99DC91BC2D1A50E4002B9A89 /* TranscriptionError.swift */; };
		99DC91C72D1BAB05002B9A89 /* PPNeueMontreal-Medium.otf in Resources */ = {isa = PBXBuildFile; fileRef = 99DC91C12D1BAB04002B9A89 /* PPNeueMontreal-Medium.otf */; };
		99DC91C82D1BAB05002B9A89 /* PPNeueMontreal-Book.otf in Resources */ = {isa = PBXBuildFile; fileRef = 99DC91C22D1BAB04002B9A89 /* PPNeueMontreal-Book.otf */; };
		99DC91C92D1BAB05002B9A89 /* PPNeueMontreal-SemiBolditalic.otf in Resources */ = {isa = PBXBuildFile; fileRef = 99DC91C32D1BAB05002B9A89 /* PPNeueMontreal-SemiBolditalic.otf */; };
		99DC91CA2D1BAB05002B9A89 /* PPNeueMontreal-Thin.otf in Resources */ = {isa = PBXBuildFile; fileRef = 99DC91C42D1BAB05002B9A89 /* PPNeueMontreal-Thin.otf */; };
		99DC91CB2D1BAB05002B9A89 /* PPNeueMontreal-Italic.otf in Resources */ = {isa = PBXBuildFile; fileRef = 99DC91C52D1BAB05002B9A89 /* PPNeueMontreal-Italic.otf */; };
		99DC91CC2D1BAB05002B9A89 /* PPNeueMontreal-Bold.otf in Resources */ = {isa = PBXBuildFile; fileRef = 99DC91C62D1BAB05002B9A89 /* PPNeueMontreal-Bold.otf */; };
		99F00AB52D3D9C90008F1228 /* WavePattern.swift in Sources */ = {isa = PBXBuildFile; fileRef = 99F00AB42D3D9C90008F1228 /* WavePattern.swift */; };
		99F00AB72D3DA3D7008F1228 /* SleepCheckInView.swift in Sources */ = {isa = PBXBuildFile; fileRef = 99F00AB62D3DA3D7008F1228 /* SleepCheckInView.swift */; };
		99F00AB92D3DA794008F1228 /* SleepCheckinManager.swift in Sources */ = {isa = PBXBuildFile; fileRef = 99F00AB82D3DA794008F1228 /* SleepCheckinManager.swift */; };
		99F00ABB2D3DC159008F1228 /* TrendsManager.swift in Sources */ = {isa = PBXBuildFile; fileRef = 99F00ABA2D3DC159008F1228 /* TrendsManager.swift */; };
		99F00AF42D3F3DB7008F1228 /* DayMetrics .swift in Sources */ = {isa = PBXBuildFile; fileRef = 99F00AF32D3F3DB6008F1228 /* DayMetrics .swift */; };
		99F31CA72D0F2DA300330180 /* RecordFollowUpLoopView.swift in Sources */ = {isa = PBXBuildFile; fileRef = 99F31CA62D0F2DA300330180 /* RecordFollowUpLoopView.swift */; };
		99F31CA92D0F31AF00330180 /* FollowUp.swift in Sources */ = {isa = PBXBuildFile; fileRef = 99F31CA82D0F31AF00330180 /* FollowUp.swift */; };
		99F31CAB2D0F477500330180 /* Graph.swift in Sources */ = {isa = PBXBuildFile; fileRef = 99F31CAA2D0F477500330180 /* Graph.swift */; };
		99F31CAD2D0F5DAF00330180 /* StatsLoadingView.swift in Sources */ = {isa = PBXBuildFile; fileRef = 99F31CAC2D0F5DAF00330180 /* StatsLoadingView.swift */; };
		99F7F6E52CAC77E7009858AC /* IntroView.swift in Sources */ = {isa = PBXBuildFile; fileRef = 99F7F6E42CAC77E7009858AC /* IntroView.swift */; };
		99F7F6E72CAC77F4009858AC /* HomeView.swift in Sources */ = {isa = PBXBuildFile; fileRef = 99F7F6E62CAC77F4009858AC /* HomeView.swift */; };
		99F7F6E92CAC792C009858AC /* NotificationManager.swift in Sources */ = {isa = PBXBuildFile; fileRef = 99F7F6E82CAC792C009858AC /* NotificationManager.swift */; };
		99F7F6EB2CAC7935009858AC /* AudioManager.swift in Sources */ = {isa = PBXBuildFile; fileRef = 99F7F6EA2CAC7935009858AC /* AudioManager.swift */; };
		99F7F6F12CAC7B5B009858AC /* LoopCloudKitUtility.swift in Sources */ = {isa = PBXBuildFile; fileRef = 99F7F6F02CAC7B5B009858AC /* LoopCloudKitUtility.swift */; };
		99F7F6F32CAC7D0F009858AC /* Loop.swift in Sources */ = {isa = PBXBuildFile; fileRef = 99F7F6F22CAC7D0F009858AC /* Loop.swift */; };
		99F7F6F52CAC7DB4009858AC /* LoopManager.swift in Sources */ = {isa = PBXBuildFile; fileRef = 99F7F6F42CAC7DB4009858AC /* LoopManager.swift */; };
		99F7F6F72CAC93B4009858AC /* LoopRevealDate.swift in Sources */ = {isa = PBXBuildFile; fileRef = 99F7F6F62CAC93B4009858AC /* LoopRevealDate.swift */; };
		99F7F6FD2CAF814B009858AC /* RecordLoopsView.swift in Sources */ = {isa = PBXBuildFile; fileRef = 99F7F6FC2CAF814B009858AC /* RecordLoopsView.swift */; };
		99F7F6FF2CAF8580009858AC /* Extensions.swift in Sources */ = {isa = PBXBuildFile; fileRef = 99F7F6FE2CAF8580009858AC /* Extensions.swift */; };
		99F8F68C2D16FF9400F9C8D0 /* Configuration.swift in Sources */ = {isa = PBXBuildFile; fileRef = 99F8F68B2D16FF9400F9C8D0 /* Configuration.swift */; };
/* End PBXBuildFile section */

/* Begin PBXCopyFilesBuildPhase section */
		9988DBAC2CDADE4E005628DE /* Embed Frameworks */ = {
			isa = PBXCopyFilesBuildPhase;
			buildActionMask = 2147483647;
			dstPath = "";
			dstSubfolderSpec = 10;
			files = (
			);
			name = "Embed Frameworks";
			runOnlyForDeploymentPostprocessing = 0;
		};
/* End PBXCopyFilesBuildPhase section */

/* Begin PBXFileReference section */
		990E4A832CB30EAB009F88A0 /* ThankYouView.swift */ = {isa = PBXFileReference; lastKnownFileType = sourcecode.swift; path = ThankYouView.swift; sourceTree = "<group>"; };
		990E4A852CB30EB8009F88A0 /* LoopAudioConfirmationView.swift */ = {isa = PBXFileReference; lastKnownFileType = sourcecode.swift; path = LoopAudioConfirmationView.swift; sourceTree = "<group>"; };
		990E4A872CB30EC0009F88A0 /* WavyBackground.swift */ = {isa = PBXFileReference; lastKnownFileType = sourcecode.swift; path = WavyBackground.swift; sourceTree = "<group>"; };
		990E4A892CB47FEE009F88A0 /* LaunchManager.swift */ = {isa = PBXFileReference; lastKnownFileType = sourcecode.swift; path = LaunchManager.swift; sourceTree = "<group>"; };
		990E4A8B2CB48BAF009F88A0 /* PagesHolderView.swift */ = {isa = PBXFileReference; lastKnownFileType = sourcecode.swift; path = PagesHolderView.swift; sourceTree = "<group>"; };
		990E4A8D2CB48BB9009F88A0 /* SplashScreen.swift */ = {isa = PBXFileReference; lastKnownFileType = sourcecode.swift; path = SplashScreen.swift; sourceTree = "<group>"; };
		990E4A8F2CB48BDD009F88A0 /* PageType.swift */ = {isa = PBXFileReference; lastKnownFileType = sourcecode.swift; path = PageType.swift; sourceTree = "<group>"; };
		990E4A912CB48CEF009F88A0 /* InsightsView.swift */ = {isa = PBXFileReference; lastKnownFileType = sourcecode.swift; path = InsightsView.swift; sourceTree = "<group>"; };
		990E4A932CBDCA24009F88A0 /* VideoManager.swift */ = {isa = PBXFileReference; lastKnownFileType = sourcecode.swift; path = VideoManager.swift; sourceTree = "<group>"; };
		990E4A952CBDCA51009F88A0 /* VideoRecordingView.swift */ = {isa = PBXFileReference; lastKnownFileType = sourcecode.swift; path = VideoRecordingView.swift; sourceTree = "<group>"; };
		990E4A992CBDD091009F88A0 /* VideoRecordButton.swift */ = {isa = PBXFileReference; lastKnownFileType = sourcecode.swift; path = VideoRecordButton.swift; sourceTree = "<group>"; };
		990E4A9B2CBDD1BB009F88A0 /* LoopVideoConfirmationView.swift */ = {isa = PBXFileReference; lastKnownFileType = sourcecode.swift; path = LoopVideoConfirmationView.swift; sourceTree = "<group>"; };
		990E4A9D2CBDE063009F88A0 /* ViewPastLoopView.swift */ = {isa = PBXFileReference; lastKnownFileType = sourcecode.swift; path = ViewPastLoopView.swift; sourceTree = "<group>"; };
		990E4A9F2CBF0E29009F88A0 /* FirstLaunchManager.swift */ = {isa = PBXFileReference; lastKnownFileType = sourcecode.swift; path = FirstLaunchManager.swift; sourceTree = "<group>"; };
		990E4AA32CC0A7CD009F88A0 /* InsightModels.swift */ = {isa = PBXFileReference; lastKnownFileType = sourcecode.swift; path = InsightModels.swift; sourceTree = "<group>"; };
		9915BAB42CE6AF8D00D3C44B /* DailyCheckinView.swift */ = {isa = PBXFileReference; lastKnownFileType = sourcecode.swift; path = DailyCheckinView.swift; sourceTree = "<group>"; };
		9915BAB62CE6AF9E00D3C44B /* DailyCheckinManager.swift */ = {isa = PBXFileReference; lastKnownFileType = sourcecode.swift; path = DailyCheckinManager.swift; sourceTree = "<group>"; };
		9915BAB82CEC332500D3C44B /* AnalysisManager.swift */ = {isa = PBXFileReference; lastKnownFileType = sourcecode.swift; path = AnalysisManager.swift; sourceTree = "<group>"; };
		9935CED12D23969600AF0C16 /* SpeakingHighlight.swift */ = {isa = PBXFileReference; lastKnownFileType = sourcecode.swift; path = SpeakingHighlight.swift; sourceTree = "<group>"; };
		9935CED32D23982200AF0C16 /* SpeakingPatternCard.swift */ = {isa = PBXFileReference; lastKnownFileType = sourcecode.swift; path = SpeakingPatternCard.swift; sourceTree = "<group>"; };
		9935CED52D239F3400AF0C16 /* AbstractCardBackground.swift */ = {isa = PBXFileReference; lastKnownFileType = sourcecode.swift; path = AbstractCardBackground.swift; sourceTree = "<group>"; };
		9935CED72D23A0A500AF0C16 /* DurationPatternCard.swift */ = {isa = PBXFileReference; lastKnownFileType = sourcecode.swift; path = DurationPatternCard.swift; sourceTree = "<group>"; };
		9935CED92D23A0C200AF0C16 /* WordCountPatternCard.swift */ = {isa = PBXFileReference; lastKnownFileType = sourcecode.swift; path = WordCountPatternCard.swift; sourceTree = "<group>"; };
		9935CEDB2D24576F00AF0C16 /* TimeLapseDemoView.swift */ = {isa = PBXFileReference; lastKnownFileType = sourcecode.swift; path = TimeLapseDemoView.swift; sourceTree = "<group>"; };
		9935CEDD2D24DC8400AF0C16 /* ReflectionSelectionView.swift */ = {isa = PBXFileReference; lastKnownFileType = sourcecode.swift; path = ReflectionSelectionView.swift; sourceTree = "<group>"; };
		9935CEDF2D28D07100AF0C16 /* ScheduleView.swift */ = {isa = PBXFileReference; lastKnownFileType = sourcecode.swift; path = ScheduleView.swift; sourceTree = "<group>"; };
		9935CEE32D299A7D00AF0C16 /* DailyEmotion.swift */ = {isa = PBXFileReference; lastKnownFileType = sourcecode.swift; path = DailyEmotion.swift; sourceTree = "<group>"; };
		9935CEE52D299EF400AF0C16 /* ScheduleManager.swift */ = {isa = PBXFileReference; lastKnownFileType = sourcecode.swift; path = ScheduleManager.swift; sourceTree = "<group>"; };
		9935CEE72D29A3B300AF0C16 /* PreviewScheduleEmotionDay.swift */ = {isa = PBXFileReference; lastKnownFileType = sourcecode.swift; path = PreviewScheduleEmotionDay.swift; sourceTree = "<group>"; };
		9935CEE92D29AB9E00AF0C16 /* EmotionSchedulePreview.swift */ = {isa = PBXFileReference; lastKnownFileType = sourcecode.swift; path = EmotionSchedulePreview.swift; sourceTree = "<group>"; };
		9935CEED2D2ADDD100AF0C16 /* RecordFreeResponseView.swift */ = {isa = PBXFileReference; lastKnownFileType = sourcecode.swift; path = RecordFreeResponseView.swift; sourceTree = "<group>"; };
		9935CEEF2D2C75DA00AF0C16 /* FullDayActivityView.swift */ = {isa = PBXFileReference; lastKnownFileType = sourcecode.swift; path = FullDayActivityView.swift; sourceTree = "<group>"; };
		9935CEF12D2C8C7600AF0C16 /* DayActivity.swift */ = {isa = PBXFileReference; lastKnownFileType = sourcecode.swift; path = DayActivity.swift; sourceTree = "<group>"; };
		9935CEF32D2C8E9500AF0C16 /* ActivityCloudKidUtility.swift */ = {isa = PBXFileReference; lastKnownFileType = sourcecode.swift; path = ActivityCloudKidUtility.swift; sourceTree = "<group>"; };
		9935CEF52D2C8ECA00AF0C16 /* AcitivtyLocalStorageUtility.swift */ = {isa = PBXFileReference; lastKnownFileType = sourcecode.swift; path = AcitivtyLocalStorageUtility.swift; sourceTree = "<group>"; };
		9935CEF72D2CA6BD00AF0C16 /* AITrendAnalysisModels.swift */ = {isa = PBXFileReference; lastKnownFileType = sourcecode.swift; path = AITrendAnalysisModels.swift; sourceTree = "<group>"; };
		9935CEF92D2DEB4900AF0C16 /* KeyPhraseManager.swift */ = {isa = PBXFileReference; lastKnownFileType = sourcecode.swift; path = KeyPhraseManager.swift; sourceTree = "<group>"; };
		9935CEFB2D2F1DD000AF0C16 /* TopEmotionsCard.swift */ = {isa = PBXFileReference; lastKnownFileType = sourcecode.swift; path = TopEmotionsCard.swift; sourceTree = "<group>"; };
		9935CF172D3082CE00AF0C16 /* GoalManager.swift */ = {isa = PBXFileReference; lastKnownFileType = sourcecode.swift; path = GoalManager.swift; sourceTree = "<group>"; };
		9935CF1A2D30BB8500AF0C16 /* AddSuccessView.swift */ = {isa = PBXFileReference; lastKnownFileType = sourcecode.swift; path = AddSuccessView.swift; sourceTree = "<group>"; };
		9935CF212D32D93700AF0C16 /* DarkBlueWave.swift */ = {isa = PBXFileReference; lastKnownFileType = sourcecode.swift; path = DarkBlueWave.swift; sourceTree = "<group>"; };
		9935CF232D32E1E000AF0C16 /* MoodTrendsManager.swift */ = {isa = PBXFileReference; lastKnownFileType = sourcecode.swift; path = MoodTrendsManager.swift; sourceTree = "<group>"; };
		9935CF252D3426FF00AF0C16 /* MoodCheckinView.swift */ = {isa = PBXFileReference; lastKnownFileType = sourcecode.swift; path = MoodCheckinView.swift; sourceTree = "<group>"; };
		9935CF272D34342000AF0C16 /* EntryCardTabView.swift */ = {isa = PBXFileReference; lastKnownFileType = sourcecode.swift; path = EntryCardTabView.swift; sourceTree = "<group>"; };
		9935CF2A2D36373500AF0C16 /* LoopDataNext.xcdatamodel */ = {isa = PBXFileReference; lastKnownFileType = wrapper.xcdatamodel; path = LoopDataNext.xcdatamodel; sourceTree = "<group>"; };
		9953BDDC2CEE620E00348AC3 /* AnimatedBackground.swift */ = {isa = PBXFileReference; lastKnownFileType = sourcecode.swift; path = AnimatedBackground.swift; sourceTree = "<group>"; };
		9953BDDF2CEE623B00348AC3 /* PulsingView.swift */ = {isa = PBXFileReference; lastKnownFileType = sourcecode.swift; path = PulsingView.swift; sourceTree = "<group>"; };
		9953BDE32CF17A5F00348AC3 /* LoadingWaveform.swift */ = {isa = PBXFileReference; lastKnownFileType = sourcecode.swift; path = LoadingWaveform.swift; sourceTree = "<group>"; };
		9953BDE52CF1832100348AC3 /* ThematicLoopCard.swift */ = {isa = PBXFileReference; lastKnownFileType = sourcecode.swift; path = ThematicLoopCard.swift; sourceTree = "<group>"; };
		9953BDE72CF1834500348AC3 /* ThematicLoop.swift */ = {isa = PBXFileReference; lastKnownFileType = sourcecode.swift; path = ThematicLoop.swift; sourceTree = "<group>"; };
		9953BDE92CF25A7C00348AC3 /* MonthSummary.swift */ = {isa = PBXFileReference; lastKnownFileType = sourcecode.swift; path = MonthSummary.swift; sourceTree = "<group>"; };
		9953BDF12CF3A02400348AC3 /* PromptSet.swift */ = {isa = PBXFileReference; fileEncoding = 4; lastKnownFileType = sourcecode.swift; path = PromptSet.swift; sourceTree = "<group>"; };
		9953BDF52CF40E4A00348AC3 /* ProgressIndicator.swift */ = {isa = PBXFileReference; lastKnownFileType = sourcecode.swift; path = ProgressIndicator.swift; sourceTree = "<group>"; };
		9953BDF72CF4101E00348AC3 /* RecordThematicLoopPromptsView.swift */ = {isa = PBXFileReference; lastKnownFileType = sourcecode.swift; path = RecordThematicLoopPromptsView.swift; sourceTree = "<group>"; };
		9953BDF92CF4253000348AC3 /* PurposeCard.swift */ = {isa = PBXFileReference; lastKnownFileType = sourcecode.swift; path = PurposeCard.swift; sourceTree = "<group>"; };
		9953BDFB2CF8105200348AC3 /* SettingsModels.swift */ = {isa = PBXFileReference; lastKnownFileType = sourcecode.swift; path = SettingsModels.swift; sourceTree = "<group>"; };
		9953BDFD2CF810AB00348AC3 /* WebView.swift */ = {isa = PBXFileReference; lastKnownFileType = sourcecode.swift; path = WebView.swift; sourceTree = "<group>"; };
		9953BDFF2CF8EE9B00348AC3 /* MoodCloudKitUtility.swift */ = {isa = PBXFileReference; lastKnownFileType = sourcecode.swift; path = MoodCloudKitUtility.swift; sourceTree = "<group>"; };
		9953BE012CFABA4400348AC3 /* LocalLoopStorageUtility.swift */ = {isa = PBXFileReference; lastKnownFileType = sourcecode.swift; path = LocalLoopStorageUtility.swift; sourceTree = "<group>"; };
		9953BE032CFB940500348AC3 /* TabButton.swift */ = {isa = PBXFileReference; lastKnownFileType = sourcecode.swift; path = TabButton.swift; sourceTree = "<group>"; };
		9953BE052CFBB30800348AC3 /* ArtisticBackground.swift */ = {isa = PBXFileReference; lastKnownFileType = sourcecode.swift; path = ArtisticBackground.swift; sourceTree = "<group>"; };
		9953BE072CFCB92600348AC3 /* StoragePreference.swift */ = {isa = PBXFileReference; lastKnownFileType = sourcecode.swift; path = StoragePreference.swift; sourceTree = "<group>"; };
		9953BE0B2CFCC0FC00348AC3 /* LoopData.xcdatamodel */ = {isa = PBXFileReference; lastKnownFileType = wrapper.xcdatamodel; path = LoopData.xcdatamodel; sourceTree = "<group>"; };
		9953BE0D2D07AD9700348AC3 /* TrendModels.swift */ = {isa = PBXFileReference; lastKnownFileType = sourcecode.swift; path = TrendModels.swift; sourceTree = "<group>"; };
		9953BE0F2D07ADC100348AC3 /* LoopComparison.swift */ = {isa = PBXFileReference; lastKnownFileType = sourcecode.swift; path = LoopComparison.swift; sourceTree = "<group>"; };
		9953BE112D07ADE400348AC3 /* LoopAnalysis.swift */ = {isa = PBXFileReference; lastKnownFileType = sourcecode.swift; path = LoopAnalysis.swift; sourceTree = "<group>"; };
		9953BE132D0CF79200348AC3 /* AppPromoVid.swift */ = {isa = PBXFileReference; lastKnownFileType = sourcecode.swift; path = AppPromoVid.swift; sourceTree = "<group>"; };
		996F82052D38719100116F86 /* WaveRatingView.swift */ = {isa = PBXFileReference; lastKnownFileType = sourcecode.swift; path = WaveRatingView.swift; sourceTree = "<group>"; };
		996F82072D393E2800116F86 /* TodaysReflectionWidget.swift */ = {isa = PBXFileReference; lastKnownFileType = sourcecode.swift; path = TodaysReflectionWidget.swift; sourceTree = "<group>"; };
		996F82092D39EA1300116F86 /* AIPromptManager.swift */ = {isa = PBXFileReference; lastKnownFileType = sourcecode.swift; path = AIPromptManager.swift; sourceTree = "<group>"; };
		996F820B2D39F2B200116F86 /* ReflectionCompleteView.swift */ = {isa = PBXFileReference; lastKnownFileType = sourcecode.swift; path = ReflectionCompleteView.swift; sourceTree = "<group>"; };
		996F820D2D39FECD00116F86 /* ReflectionCardManager.swift */ = {isa = PBXFileReference; lastKnownFileType = sourcecode.swift; path = ReflectionCardManager.swift; sourceTree = "<group>"; };
		996F820F2D39FF6300116F86 /* TodaysReflectionPlanView.swift */ = {isa = PBXFileReference; lastKnownFileType = sourcecode.swift; path = TodaysReflectionPlanView.swift; sourceTree = "<group>"; };
		996F82112D3B0B5900116F86 /* ReflectionSessionManager.swift */ = {isa = PBXFileReference; lastKnownFileType = sourcecode.swift; path = ReflectionSessionManager.swift; sourceTree = "<group>"; };
		9988DB842CD9BFAC005628DE /* FriendsView.swift */ = {isa = PBXFileReference; lastKnownFileType = sourcecode.swift; path = FriendsView.swift; sourceTree = "<group>"; };
		9988DB8A2CD9CAEE005628DE /* SharedLoop.swift */ = {isa = PBXFileReference; lastKnownFileType = sourcecode.swift; path = SharedLoop.swift; sourceTree = "<group>"; };
		9988DB8C2CDA77C8005628DE /* PrivateUserRecord.swift */ = {isa = PBXFileReference; lastKnownFileType = sourcecode.swift; path = PrivateUserRecord.swift; sourceTree = "<group>"; };
		9988DB8E2CDA77FB005628DE /* PublicUserRecord.swift */ = {isa = PBXFileReference; lastKnownFileType = sourcecode.swift; path = PublicUserRecord.swift; sourceTree = "<group>"; };
		9988DB902CDA792F005628DE /* FriendsManager.swift */ = {isa = PBXFileReference; lastKnownFileType = sourcecode.swift; path = FriendsManager.swift; sourceTree = "<group>"; };
		9988DB942CDA7F92005628DE /* FriendRequest.swift */ = {isa = PBXFileReference; lastKnownFileType = sourcecode.swift; path = FriendRequest.swift; sourceTree = "<group>"; };
		9988DB962CDA8508005628DE /* AddFriends.swift */ = {isa = PBXFileReference; lastKnownFileType = sourcecode.swift; path = AddFriends.swift; sourceTree = "<group>"; };
		9988DBAD2CDD25C7005628DE /* PastLoopCard.swift */ = {isa = PBXFileReference; lastKnownFileType = sourcecode.swift; path = PastLoopCard.swift; sourceTree = "<group>"; };
		999DAC652D1DB54A00A6626B /* AllThemesView.swift */ = {isa = PBXFileReference; lastKnownFileType = sourcecode.swift; path = AllThemesView.swift; sourceTree = "<group>"; };
		999DAC6F2D1E236900A6626B /* DayRating.swift */ = {isa = PBXFileReference; lastKnownFileType = sourcecode.swift; path = DayRating.swift; sourceTree = "<group>"; };
		999DAC712D1E239400A6626B /* DayRatingSlider.swift */ = {isa = PBXFileReference; lastKnownFileType = sourcecode.swift; path = DayRatingSlider.swift; sourceTree = "<group>"; };
		999DAC752D1F4E9800A6626B /* AIAnalysis.swift */ = {isa = PBXFileReference; lastKnownFileType = sourcecode.swift; path = AIAnalysis.swift; sourceTree = "<group>"; };
		999DAC772D1FA82000A6626B /* TodaysInsightsView.swift */ = {isa = PBXFileReference; lastKnownFileType = sourcecode.swift; path = TodaysInsightsView.swift; sourceTree = "<group>"; };
		999DAC792D1FA87600A6626B /* AnalysisManagerPreview.swift */ = {isa = PBXFileReference; lastKnownFileType = sourcecode.swift; path = AnalysisManagerPreview.swift; sourceTree = "<group>"; };
		999DAC7B2D20757600A6626B /* DailyAIAnalysis.swift */ = {isa = PBXFileReference; lastKnownFileType = sourcecode.swift; path = DailyAIAnalysis.swift; sourceTree = "<group>"; };
		999DAC7D2D20761400A6626B /* AITrendAnalysisManager.swift */ = {isa = PBXFileReference; lastKnownFileType = sourcecode.swift; path = AITrendAnalysisManager.swift; sourceTree = "<group>"; };
		999DAC7F2D2078C400A6626B /* QuantitativeTrendsManager.swift */ = {isa = PBXFileReference; lastKnownFileType = sourcecode.swift; path = QuantitativeTrendsManager.swift; sourceTree = "<group>"; };
		999DAC812D208A1A00A6626B /* FrequencyModels.swift */ = {isa = PBXFileReference; lastKnownFileType = sourcecode.swift; path = FrequencyModels.swift; sourceTree = "<group>"; };
		999DAC832D208B1F00A6626B /* MetricComparison.swift */ = {isa = PBXFileReference; lastKnownFileType = sourcecode.swift; path = MetricComparison.swift; sourceTree = "<group>"; };
		999DAC852D20994400A6626B /* TrendsView.swift */ = {isa = PBXFileReference; lastKnownFileType = sourcecode.swift; path = TrendsView.swift; sourceTree = "<group>"; };
		999DAC872D209AA100A6626B /* TrendGraph.swift */ = {isa = PBXFileReference; lastKnownFileType = sourcecode.swift; path = TrendGraph.swift; sourceTree = "<group>"; };
		999DAC892D20AD3700A6626B /* TrendsLoadingView.swift */ = {isa = PBXFileReference; lastKnownFileType = sourcecode.swift; path = TrendsLoadingView.swift; sourceTree = "<group>"; };
		999DAC8B2D20F4C500A6626B /* MemoryPlaybackView.swift */ = {isa = PBXFileReference; lastKnownFileType = sourcecode.swift; path = MemoryPlaybackView.swift; sourceTree = "<group>"; };
		999DAC8D2D2107D000A6626B /* RecordFeaturedLoopView.swift */ = {isa = PBXFileReference; lastKnownFileType = sourcecode.swift; path = RecordFeaturedLoopView.swift; sourceTree = "<group>"; };
		999DAC8F2D210A5000A6626B /* FeaturedPrompt.swift */ = {isa = PBXFileReference; lastKnownFileType = sourcecode.swift; path = FeaturedPrompt.swift; sourceTree = "<group>"; };
		999DAC912D21D2A200A6626B /* AnalysisStateLoadingViews.swift */ = {isa = PBXFileReference; lastKnownFileType = sourcecode.swift; path = AnalysisStateLoadingViews.swift; sourceTree = "<group>"; };
		99A0C8ED2CA9EF2400F9281A /* Loop.app */ = {isa = PBXFileReference; explicitFileType = wrapper.application; includeInIndex = 0; path = Loop.app; sourceTree = BUILT_PRODUCTS_DIR; };
		99A0C8F02CA9EF2400F9281A /* LoopApp.swift */ = {isa = PBXFileReference; lastKnownFileType = sourcecode.swift; path = LoopApp.swift; sourceTree = "<group>"; };
		99A0C8F22CA9EF2400F9281A /* ContentView.swift */ = {isa = PBXFileReference; lastKnownFileType = sourcecode.swift; path = ContentView.swift; sourceTree = "<group>"; };
		99A0C8F42CA9EF2600F9281A /* Assets.xcassets */ = {isa = PBXFileReference; lastKnownFileType = folder.assetcatalog; path = Assets.xcassets; sourceTree = "<group>"; };
		99A0C8F72CA9EF2600F9281A /* Preview Assets.xcassets */ = {isa = PBXFileReference; lastKnownFileType = folder.assetcatalog; path = "Preview Assets.xcassets"; sourceTree = "<group>"; };
		99A0C9012CA9F5CA00F9281A /* Loop.entitlements */ = {isa = PBXFileReference; lastKnownFileType = text.plist.entitlements; path = Loop.entitlements; sourceTree = "<group>"; };
		99A0C9032CA9F70500F9281A /* UserCloudKitUtility.swift */ = {isa = PBXFileReference; lastKnownFileType = sourcecode.swift; path = UserCloudKitUtility.swift; sourceTree = "<group>"; };
		99AC6DD32CDED81100B0D0D6 /* LoopsView.swift */ = {isa = PBXFileReference; lastKnownFileType = sourcecode.swift; path = LoopsView.swift; sourceTree = "<group>"; };
		99AC6DD52CDFFAFA00B0D0D6 /* LoopChatView.swift */ = {isa = PBXFileReference; lastKnownFileType = sourcecode.swift; path = LoopChatView.swift; sourceTree = "<group>"; };
		99AC6DD72CE0199800B0D0D6 /* FluidParticleBackground.swift */ = {isa = PBXFileReference; lastKnownFileType = sourcecode.swift; path = FluidParticleBackground.swift; sourceTree = "<group>"; };
		99AC6DD92CE01A3E00B0D0D6 /* SendLoopOverlay.swift */ = {isa = PBXFileReference; lastKnownFileType = sourcecode.swift; path = SendLoopOverlay.swift; sourceTree = "<group>"; };
		99AC6DDB2CE0226500B0D0D6 /* SettingsView.swift */ = {isa = PBXFileReference; lastKnownFileType = sourcecode.swift; path = SettingsView.swift; sourceTree = "<group>"; };
		99AC6DDD2CE03CC600B0D0D6 /* AudioBulletJournal.swift */ = {isa = PBXFileReference; lastKnownFileType = sourcecode.swift; path = AudioBulletJournal.swift; sourceTree = "<group>"; };
		99AC6DE52CE0F99800B0D0D6 /* CachedLoop.swift */ = {isa = PBXFileReference; lastKnownFileType = sourcecode.swift; path = CachedLoop.swift; sourceTree = "<group>"; };
		99AC6DE72CE1235400B0D0D6 /* LoopLogoView.swift */ = {isa = PBXFileReference; lastKnownFileType = sourcecode.swift; path = LoopLogoView.swift; sourceTree = "<group>"; };
		99AC6DE92CE18E9900B0D0D6 /* LoopStreak.swift */ = {isa = PBXFileReference; lastKnownFileType = sourcecode.swift; path = LoopStreak.swift; sourceTree = "<group>"; };
		99CCFBB72D10DB9300DA8A55 /* AIAnalyzer.swift */ = {isa = PBXFileReference; lastKnownFileType = sourcecode.swift; path = AIAnalyzer.swift; sourceTree = "<group>"; };
		99CCFBBB2D10DF4300DA8A55 /* CleanGraphView.swift */ = {isa = PBXFileReference; lastKnownFileType = sourcecode.swift; path = CleanGraphView.swift; sourceTree = "<group>"; };
		99CCFBBD2D121F2400DA8A55 /* EmptyStateView.swift */ = {isa = PBXFileReference; lastKnownFileType = sourcecode.swift; path = EmptyStateView.swift; sourceTree = "<group>"; };
		99CCFBBF2D122B0E00DA8A55 /* LoopInsightProgressView.swift */ = {isa = PBXFileReference; lastKnownFileType = sourcecode.swift; path = LoopInsightProgressView.swift; sourceTree = "<group>"; };
		99CCFBC12D137A2100DA8A55 /* AnalysisState.swift */ = {isa = PBXFileReference; lastKnownFileType = sourcecode.swift; path = AnalysisState.swift; sourceTree = "<group>"; };
		99DC91B22D19C112002B9A89 /* LoopCard.swift */ = {isa = PBXFileReference; lastKnownFileType = sourcecode.swift; path = LoopCard.swift; sourceTree = "<group>"; };
		99DC91B42D19C59A002B9A89 /* AudioWaveform.swift */ = {isa = PBXFileReference; lastKnownFileType = sourcecode.swift; path = AudioWaveform.swift; sourceTree = "<group>"; };
		99DC91B62D1A258A002B9A89 /* WeeklyAnalysis.swift */ = {isa = PBXFileReference; lastKnownFileType = sourcecode.swift; path = WeeklyAnalysis.swift; sourceTree = "<group>"; };
		99DC91B82D1A4658002B9A89 /* WeekInReviewView.swift */ = {isa = PBXFileReference; lastKnownFileType = sourcecode.swift; path = WeekInReviewView.swift; sourceTree = "<group>"; };
		99DC91BA2D1A50BF002B9A89 /* AudioAnalyzer.swift */ = {isa = PBXFileReference; lastKnownFileType = sourcecode.swift; path = AudioAnalyzer.swift; sourceTree = "<group>"; };
		99DC91BC2D1A50E4002B9A89 /* TranscriptionError.swift */ = {isa = PBXFileReference; lastKnownFileType = sourcecode.swift; path = TranscriptionError.swift; sourceTree = "<group>"; };
		99DC91C12D1BAB04002B9A89 /* PPNeueMontreal-Medium.otf */ = {isa = PBXFileReference; lastKnownFileType = file; path = "PPNeueMontreal-Medium.otf"; sourceTree = "<group>"; };
		99DC91C22D1BAB04002B9A89 /* PPNeueMontreal-Book.otf */ = {isa = PBXFileReference; lastKnownFileType = file; path = "PPNeueMontreal-Book.otf"; sourceTree = "<group>"; };
		99DC91C32D1BAB05002B9A89 /* PPNeueMontreal-SemiBolditalic.otf */ = {isa = PBXFileReference; lastKnownFileType = file; path = "PPNeueMontreal-SemiBolditalic.otf"; sourceTree = "<group>"; };
		99DC91C42D1BAB05002B9A89 /* PPNeueMontreal-Thin.otf */ = {isa = PBXFileReference; lastKnownFileType = file; path = "PPNeueMontreal-Thin.otf"; sourceTree = "<group>"; };
		99DC91C52D1BAB05002B9A89 /* PPNeueMontreal-Italic.otf */ = {isa = PBXFileReference; lastKnownFileType = file; path = "PPNeueMontreal-Italic.otf"; sourceTree = "<group>"; };
		99DC91C62D1BAB05002B9A89 /* PPNeueMontreal-Bold.otf */ = {isa = PBXFileReference; lastKnownFileType = file; path = "PPNeueMontreal-Bold.otf"; sourceTree = "<group>"; };
		99DC91CD2D1BAB11002B9A89 /* Info.plist */ = {isa = PBXFileReference; lastKnownFileType = text.plist; path = Info.plist; sourceTree = "<group>"; };
		99F00AB42D3D9C90008F1228 /* WavePattern.swift */ = {isa = PBXFileReference; lastKnownFileType = sourcecode.swift; path = WavePattern.swift; sourceTree = "<group>"; };
		99F00AB62D3DA3D7008F1228 /* SleepCheckInView.swift */ = {isa = PBXFileReference; lastKnownFileType = sourcecode.swift; path = SleepCheckInView.swift; sourceTree = "<group>"; };
		99F00AB82D3DA794008F1228 /* SleepCheckinManager.swift */ = {isa = PBXFileReference; lastKnownFileType = sourcecode.swift; path = SleepCheckinManager.swift; sourceTree = "<group>"; };
		99F00ABA2D3DC159008F1228 /* TrendsManager.swift */ = {isa = PBXFileReference; lastKnownFileType = sourcecode.swift; path = TrendsManager.swift; sourceTree = "<group>"; };
		99F00AF32D3F3DB6008F1228 /* DayMetrics .swift */ = {isa = PBXFileReference; lastKnownFileType = sourcecode.swift; path = "DayMetrics .swift"; sourceTree = "<group>"; };
		99F00AF52D3F61FD008F1228 /* LoopDataNew.xcdatamodel */ = {isa = PBXFileReference; lastKnownFileType = wrapper.xcdatamodel; path = LoopDataNew.xcdatamodel; sourceTree = "<group>"; };
		99F31CA62D0F2DA300330180 /* RecordFollowUpLoopView.swift */ = {isa = PBXFileReference; lastKnownFileType = sourcecode.swift; path = RecordFollowUpLoopView.swift; sourceTree = "<group>"; };
		99F31CA82D0F31AF00330180 /* FollowUp.swift */ = {isa = PBXFileReference; lastKnownFileType = sourcecode.swift; path = FollowUp.swift; sourceTree = "<group>"; };
		99F31CAA2D0F477500330180 /* Graph.swift */ = {isa = PBXFileReference; lastKnownFileType = sourcecode.swift; path = Graph.swift; sourceTree = "<group>"; };
		99F31CAC2D0F5DAF00330180 /* StatsLoadingView.swift */ = {isa = PBXFileReference; lastKnownFileType = sourcecode.swift; path = StatsLoadingView.swift; sourceTree = "<group>"; };
		99F7F6E42CAC77E7009858AC /* IntroView.swift */ = {isa = PBXFileReference; lastKnownFileType = sourcecode.swift; path = IntroView.swift; sourceTree = "<group>"; };
		99F7F6E62CAC77F4009858AC /* HomeView.swift */ = {isa = PBXFileReference; lastKnownFileType = sourcecode.swift; path = HomeView.swift; sourceTree = "<group>"; };
		99F7F6E82CAC792C009858AC /* NotificationManager.swift */ = {isa = PBXFileReference; lastKnownFileType = sourcecode.swift; path = NotificationManager.swift; sourceTree = "<group>"; };
		99F7F6EA2CAC7935009858AC /* AudioManager.swift */ = {isa = PBXFileReference; lastKnownFileType = sourcecode.swift; path = AudioManager.swift; sourceTree = "<group>"; };
		99F7F6F02CAC7B5B009858AC /* LoopCloudKitUtility.swift */ = {isa = PBXFileReference; lastKnownFileType = sourcecode.swift; path = LoopCloudKitUtility.swift; sourceTree = "<group>"; };
		99F7F6F22CAC7D0F009858AC /* Loop.swift */ = {isa = PBXFileReference; lastKnownFileType = sourcecode.swift; path = Loop.swift; sourceTree = "<group>"; };
		99F7F6F42CAC7DB4009858AC /* LoopManager.swift */ = {isa = PBXFileReference; lastKnownFileType = sourcecode.swift; path = LoopManager.swift; sourceTree = "<group>"; };
		99F7F6F62CAC93B4009858AC /* LoopRevealDate.swift */ = {isa = PBXFileReference; lastKnownFileType = sourcecode.swift; path = LoopRevealDate.swift; sourceTree = "<group>"; };
		99F7F6FC2CAF814B009858AC /* RecordLoopsView.swift */ = {isa = PBXFileReference; lastKnownFileType = sourcecode.swift; path = RecordLoopsView.swift; sourceTree = "<group>"; };
		99F7F6FE2CAF8580009858AC /* Extensions.swift */ = {isa = PBXFileReference; lastKnownFileType = sourcecode.swift; path = Extensions.swift; sourceTree = "<group>"; };
		99F8F68B2D16FF9400F9C8D0 /* Configuration.swift */ = {isa = PBXFileReference; lastKnownFileType = sourcecode.swift; path = Configuration.swift; sourceTree = "<group>"; };
		99F8F68D2D17034900F9C8D0 /* Loop.debug.entitlements */ = {isa = PBXFileReference; lastKnownFileType = text.plist.entitlements; path = Loop.debug.entitlements; sourceTree = "<group>"; };
/* End PBXFileReference section */

/* Begin PBXFrameworksBuildPhase section */
		99A0C8EA2CA9EF2400F9281A /* Frameworks */ = {
			isa = PBXFrameworksBuildPhase;
			buildActionMask = 2147483647;
			files = (
			);
			runOnlyForDeploymentPostprocessing = 0;
		};
/* End PBXFrameworksBuildPhase section */

/* Begin PBXGroup section */
		9953BE092CFCC0A900348AC3 /* CoreData */ = {
			isa = PBXGroup;
			children = (
				9953BE0A2CFCC0FC00348AC3 /* LoopData.xcdatamodeld */,
			);
			path = CoreData;
			sourceTree = "<group>";
		};
		99A0C8E42CA9EF2400F9281A = {
			isa = PBXGroup;
			children = (
				99A0C8EF2CA9EF2400F9281A /* Loop */,
				99A0C8EE2CA9EF2400F9281A /* Products */,
			);
			sourceTree = "<group>";
		};
		99A0C8EE2CA9EF2400F9281A /* Products */ = {
			isa = PBXGroup;
			children = (
				99A0C8ED2CA9EF2400F9281A /* Loop.app */,
			);
			name = Products;
			sourceTree = "<group>";
		};
		99A0C8EF2CA9EF2400F9281A /* Loop */ = {
			isa = PBXGroup;
			children = (
				99DC91CD2D1BAB11002B9A89 /* Info.plist */,
				99DC91C02D1BA9BF002B9A89 /* Fonts */,
				9953BE092CFCC0A900348AC3 /* CoreData */,
				99A0C9022CA9F5F700F9281A /* Utilities */,
				99A0C9012CA9F5CA00F9281A /* Loop.entitlements */,
				99F8F68D2D17034900F9C8D0 /* Loop.debug.entitlements */,
				99F7F6FE2CAF8580009858AC /* Extensions.swift */,
				99A0C9002CA9EF7B00F9281A /* Models */,
				99A0C8FF2CA9EF7400F9281A /* Managers */,
				99A0C8FE2CA9EF6500F9281A /* Views */,
				99A0C8F02CA9EF2400F9281A /* LoopApp.swift */,
				99A0C8F22CA9EF2400F9281A /* ContentView.swift */,
				99A0C8F42CA9EF2600F9281A /* Assets.xcassets */,
				99A0C8F62CA9EF2600F9281A /* Preview Content */,
				99F8F68B2D16FF9400F9C8D0 /* Configuration.swift */,
				999DAC792D1FA87600A6626B /* AnalysisManagerPreview.swift */,
			);
			path = Loop;
			sourceTree = "<group>";
		};
		99A0C8F62CA9EF2600F9281A /* Preview Content */ = {
			isa = PBXGroup;
			children = (
				99A0C8F72CA9EF2600F9281A /* Preview Assets.xcassets */,
			);
			path = "Preview Content";
			sourceTree = "<group>";
		};
		99A0C8FE2CA9EF6500F9281A /* Views */ = {
			isa = PBXGroup;
			children = (
				990E4A8B2CB48BAF009F88A0 /* PagesHolderView.swift */,
				99F7F6E42CAC77E7009858AC /* IntroView.swift */,
				990E4A9D2CBDE063009F88A0 /* ViewPastLoopView.swift */,
				99F7F6E62CAC77F4009858AC /* HomeView.swift */,
				9935CF272D34342000AF0C16 /* EntryCardTabView.swift */,
				99AC6DD32CDED81100B0D0D6 /* LoopsView.swift */,
				990E4A912CB48CEF009F88A0 /* InsightsView.swift */,
				9935CEDF2D28D07100AF0C16 /* ScheduleView.swift */,
				9935CEEF2D2C75DA00AF0C16 /* FullDayActivityView.swift */,
				999DAC772D1FA82000A6626B /* TodaysInsightsView.swift */,
				999DAC852D20994400A6626B /* TrendsView.swift */,
				999DAC872D209AA100A6626B /* TrendGraph.swift */,
				99AC6DDB2CE0226500B0D0D6 /* SettingsView.swift */,
				99AC6DD52CDFFAFA00B0D0D6 /* LoopChatView.swift */,
				99AC6DD92CE01A3E00B0D0D6 /* SendLoopOverlay.swift */,
				9988DB842CD9BFAC005628DE /* FriendsView.swift */,
				9988DB962CDA8508005628DE /* AddFriends.swift */,
				99F7F6FC2CAF814B009858AC /* RecordLoopsView.swift */,
				9953BDF72CF4101E00348AC3 /* RecordThematicLoopPromptsView.swift */,
				99F31CA62D0F2DA300330180 /* RecordFollowUpLoopView.swift */,
				999DAC8D2D2107D000A6626B /* RecordFeaturedLoopView.swift */,
				9935CEED2D2ADDD100AF0C16 /* RecordFreeResponseView.swift */,
				9935CF1A2D30BB8500AF0C16 /* AddSuccessView.swift */,
				990E4A832CB30EAB009F88A0 /* ThankYouView.swift */,
				990E4A852CB30EB8009F88A0 /* LoopAudioConfirmationView.swift */,
				990E4A872CB30EC0009F88A0 /* WavyBackground.swift */,
				990E4A8D2CB48BB9009F88A0 /* SplashScreen.swift */,
				990E4A952CBDCA51009F88A0 /* VideoRecordingView.swift */,
				990E4A992CBDD091009F88A0 /* VideoRecordButton.swift */,
				990E4A9B2CBDD1BB009F88A0 /* LoopVideoConfirmationView.swift */,
				9988DBAD2CDD25C7005628DE /* PastLoopCard.swift */,
				99AC6DD72CE0199800B0D0D6 /* FluidParticleBackground.swift */,
				99AC6DDD2CE03CC600B0D0D6 /* AudioBulletJournal.swift */,
				99AC6DE72CE1235400B0D0D6 /* LoopLogoView.swift */,
				9915BAB42CE6AF8D00D3C44B /* DailyCheckinView.swift */,
				9953BDDC2CEE620E00348AC3 /* AnimatedBackground.swift */,
				9953BDDF2CEE623B00348AC3 /* PulsingView.swift */,
				9953BDE32CF17A5F00348AC3 /* LoadingWaveform.swift */,
				9953BDE52CF1832100348AC3 /* ThematicLoopCard.swift */,
				9953BDF52CF40E4A00348AC3 /* ProgressIndicator.swift */,
				9953BDF92CF4253000348AC3 /* PurposeCard.swift */,
				9953BDFD2CF810AB00348AC3 /* WebView.swift */,
				9953BE032CFB940500348AC3 /* TabButton.swift */,
				9953BE052CFBB30800348AC3 /* ArtisticBackground.swift */,
				9953BE132D0CF79200348AC3 /* AppPromoVid.swift */,
				99F31CAC2D0F5DAF00330180 /* StatsLoadingView.swift */,
				99CCFBBB2D10DF4300DA8A55 /* CleanGraphView.swift */,
				99CCFBBD2D121F2400DA8A55 /* EmptyStateView.swift */,
				99CCFBBF2D122B0E00DA8A55 /* LoopInsightProgressView.swift */,
				99DC91B22D19C112002B9A89 /* LoopCard.swift */,
				99DC91B42D19C59A002B9A89 /* AudioWaveform.swift */,
				99DC91B82D1A4658002B9A89 /* WeekInReviewView.swift */,
				999DAC652D1DB54A00A6626B /* AllThemesView.swift */,
				999DAC712D1E239400A6626B /* DayRatingSlider.swift */,
				999DAC892D20AD3700A6626B /* TrendsLoadingView.swift */,
				999DAC8B2D20F4C500A6626B /* MemoryPlaybackView.swift */,
				999DAC912D21D2A200A6626B /* AnalysisStateLoadingViews.swift */,
				9935CED32D23982200AF0C16 /* SpeakingPatternCard.swift */,
				9935CED52D239F3400AF0C16 /* AbstractCardBackground.swift */,
				9935CED72D23A0A500AF0C16 /* DurationPatternCard.swift */,
				9935CED92D23A0C200AF0C16 /* WordCountPatternCard.swift */,
				9935CEDB2D24576F00AF0C16 /* TimeLapseDemoView.swift */,
				9935CEDD2D24DC8400AF0C16 /* ReflectionSelectionView.swift */,
				9935CEE92D29AB9E00AF0C16 /* EmotionSchedulePreview.swift */,
				9935CEFB2D2F1DD000AF0C16 /* TopEmotionsCard.swift */,
				9935CF212D32D93700AF0C16 /* DarkBlueWave.swift */,
				9935CF252D3426FF00AF0C16 /* MoodCheckinView.swift */,
				996F82052D38719100116F86 /* WaveRatingView.swift */,
				996F82072D393E2800116F86 /* TodaysReflectionWidget.swift */,
				996F820B2D39F2B200116F86 /* ReflectionCompleteView.swift */,
				996F820F2D39FF6300116F86 /* TodaysReflectionPlanView.swift */,
				99F00AB42D3D9C90008F1228 /* WavePattern.swift */,
				99F00AB62D3DA3D7008F1228 /* SleepCheckInView.swift */,
			);
			path = Views;
			sourceTree = "<group>";
		};
		99A0C8FF2CA9EF7400F9281A /* Managers */ = {
			isa = PBXGroup;
			children = (
				99F7F6E82CAC792C009858AC /* NotificationManager.swift */,
				99F7F6EA2CAC7935009858AC /* AudioManager.swift */,
				99F7F6F42CAC7DB4009858AC /* LoopManager.swift */,
				990E4A892CB47FEE009F88A0 /* LaunchManager.swift */,
				990E4A932CBDCA24009F88A0 /* VideoManager.swift */,
				990E4A9F2CBF0E29009F88A0 /* FirstLaunchManager.swift */,
				9988DB902CDA792F005628DE /* FriendsManager.swift */,
				9915BAB62CE6AF9E00D3C44B /* DailyCheckinManager.swift */,
				9915BAB82CEC332500D3C44B /* AnalysisManager.swift */,
				99CCFBB72D10DB9300DA8A55 /* AIAnalyzer.swift */,
				99DC91BA2D1A50BF002B9A89 /* AudioAnalyzer.swift */,
				999DAC7D2D20761400A6626B /* AITrendAnalysisManager.swift */,
				999DAC7F2D2078C400A6626B /* QuantitativeTrendsManager.swift */,
				9935CEE52D299EF400AF0C16 /* ScheduleManager.swift */,
				9935CEF92D2DEB4900AF0C16 /* KeyPhraseManager.swift */,
				9935CF172D3082CE00AF0C16 /* GoalManager.swift */,
				9935CF232D32E1E000AF0C16 /* MoodTrendsManager.swift */,
				996F82092D39EA1300116F86 /* AIPromptManager.swift */,
				996F820D2D39FECD00116F86 /* ReflectionCardManager.swift */,
				996F82112D3B0B5900116F86 /* ReflectionSessionManager.swift */,
				99F00AB82D3DA794008F1228 /* SleepCheckinManager.swift */,
				99F00ABA2D3DC159008F1228 /* TrendsManager.swift */,
			);
			path = Managers;
			sourceTree = "<group>";
		};
		99A0C9002CA9EF7B00F9281A /* Models */ = {
			isa = PBXGroup;
			children = (
				99F7F6F22CAC7D0F009858AC /* Loop.swift */,
				99F7F6F62CAC93B4009858AC /* LoopRevealDate.swift */,
				990E4A8F2CB48BDD009F88A0 /* PageType.swift */,
				990E4AA32CC0A7CD009F88A0 /* InsightModels.swift */,
				9988DB8A2CD9CAEE005628DE /* SharedLoop.swift */,
				9988DB8C2CDA77C8005628DE /* PrivateUserRecord.swift */,
				9988DB8E2CDA77FB005628DE /* PublicUserRecord.swift */,
				9953BDF12CF3A02400348AC3 /* PromptSet.swift */,
				9988DB942CDA7F92005628DE /* FriendRequest.swift */,
				99AC6DE52CE0F99800B0D0D6 /* CachedLoop.swift */,
				99AC6DE92CE18E9900B0D0D6 /* LoopStreak.swift */,
				9953BDE72CF1834500348AC3 /* ThematicLoop.swift */,
				9953BDE92CF25A7C00348AC3 /* MonthSummary.swift */,
				9953BDFB2CF8105200348AC3 /* SettingsModels.swift */,
				9953BE072CFCB92600348AC3 /* StoragePreference.swift */,
				9953BE0D2D07AD9700348AC3 /* TrendModels.swift */,
				9953BE112D07ADE400348AC3 /* LoopAnalysis.swift */,
				9953BE0F2D07ADC100348AC3 /* LoopComparison.swift */,
				99F31CA82D0F31AF00330180 /* FollowUp.swift */,
				99F31CAA2D0F477500330180 /* Graph.swift */,
				99CCFBC12D137A2100DA8A55 /* AnalysisState.swift */,
				99DC91B62D1A258A002B9A89 /* WeeklyAnalysis.swift */,
				99DC91BC2D1A50E4002B9A89 /* TranscriptionError.swift */,
				999DAC6F2D1E236900A6626B /* DayRating.swift */,
				999DAC752D1F4E9800A6626B /* AIAnalysis.swift */,
				999DAC7B2D20757600A6626B /* DailyAIAnalysis.swift */,
				999DAC812D208A1A00A6626B /* FrequencyModels.swift */,
				999DAC832D208B1F00A6626B /* MetricComparison.swift */,
				999DAC8F2D210A5000A6626B /* FeaturedPrompt.swift */,
				9935CED12D23969600AF0C16 /* SpeakingHighlight.swift */,
				9935CEE32D299A7D00AF0C16 /* DailyEmotion.swift */,
				9935CEE72D29A3B300AF0C16 /* PreviewScheduleEmotionDay.swift */,
				9935CEF12D2C8C7600AF0C16 /* DayActivity.swift */,
				9935CEF72D2CA6BD00AF0C16 /* AITrendAnalysisModels.swift */,
				99F00AF32D3F3DB6008F1228 /* DayMetrics .swift */,
			);
			path = Models;
			sourceTree = "<group>";
		};
		99A0C9022CA9F5F700F9281A /* Utilities */ = {
			isa = PBXGroup;
			children = (
				99A0C9032CA9F70500F9281A /* UserCloudKitUtility.swift */,
				99F7F6F02CAC7B5B009858AC /* LoopCloudKitUtility.swift */,
				9953BDFF2CF8EE9B00348AC3 /* MoodCloudKitUtility.swift */,
				9953BE012CFABA4400348AC3 /* LocalLoopStorageUtility.swift */,
				9935CEF32D2C8E9500AF0C16 /* ActivityCloudKidUtility.swift */,
				9935CEF52D2C8ECA00AF0C16 /* AcitivtyLocalStorageUtility.swift */,
			);
			path = Utilities;
			sourceTree = "<group>";
		};
		99DC91C02D1BA9BF002B9A89 /* Fonts */ = {
			isa = PBXGroup;
			children = (
				99DC91C62D1BAB05002B9A89 /* PPNeueMontreal-Bold.otf */,
				99DC91C22D1BAB04002B9A89 /* PPNeueMontreal-Book.otf */,
				99DC91C52D1BAB05002B9A89 /* PPNeueMontreal-Italic.otf */,
				99DC91C12D1BAB04002B9A89 /* PPNeueMontreal-Medium.otf */,
				99DC91C32D1BAB05002B9A89 /* PPNeueMontreal-SemiBolditalic.otf */,
				99DC91C42D1BAB05002B9A89 /* PPNeueMontreal-Thin.otf */,
			);
			path = Fonts;
			sourceTree = "<group>";
		};
/* End PBXGroup section */

/* Begin PBXNativeTarget section */
		99A0C8EC2CA9EF2400F9281A /* Loop */ = {
			isa = PBXNativeTarget;
			buildConfigurationList = 99A0C8FB2CA9EF2600F9281A /* Build configuration list for PBXNativeTarget "Loop" */;
			buildPhases = (
				99A0C8E92CA9EF2400F9281A /* Sources */,
				99A0C8EA2CA9EF2400F9281A /* Frameworks */,
				99A0C8EB2CA9EF2400F9281A /* Resources */,
				9988DBAC2CDADE4E005628DE /* Embed Frameworks */,
			);
			buildRules = (
			);
			dependencies = (
			);
			name = Loop;
			packageProductDependencies = (
			);
			productName = Loop;
			productReference = 99A0C8ED2CA9EF2400F9281A /* Loop.app */;
			productType = "com.apple.product-type.application";
		};
/* End PBXNativeTarget section */

/* Begin PBXProject section */
		99A0C8E52CA9EF2400F9281A /* Project object */ = {
			isa = PBXProject;
			attributes = {
				BuildIndependentTargetsInParallel = 1;
				LastSwiftUpdateCheck = 1500;
				LastUpgradeCheck = 1500;
				TargetAttributes = {
					99A0C8EC2CA9EF2400F9281A = {
						CreatedOnToolsVersion = 15.0;
					};
				};
			};
			buildConfigurationList = 99A0C8E82CA9EF2400F9281A /* Build configuration list for PBXProject "Loop" */;
			compatibilityVersion = "Xcode 14.0";
			developmentRegion = en;
			hasScannedForEncodings = 0;
			knownRegions = (
				en,
				Base,
			);
			mainGroup = 99A0C8E42CA9EF2400F9281A;
			packageReferences = (
				9988DBA42CDADE37005628DE /* XCRemoteSwiftPackageReference "PhoneNumberKit" */,
				99CCFBC32D1509BF00DA8A55 /* XCRemoteSwiftPackageReference "whisperkit" */,
			);
			productRefGroup = 99A0C8EE2CA9EF2400F9281A /* Products */;
			projectDirPath = "";
			projectRoot = "";
			targets = (
				99A0C8EC2CA9EF2400F9281A /* Loop */,
			);
		};
/* End PBXProject section */

/* Begin PBXResourcesBuildPhase section */
		99A0C8EB2CA9EF2400F9281A /* Resources */ = {
			isa = PBXResourcesBuildPhase;
			buildActionMask = 2147483647;
			files = (
				99DC91C72D1BAB05002B9A89 /* PPNeueMontreal-Medium.otf in Resources */,
				99DC91CA2D1BAB05002B9A89 /* PPNeueMontreal-Thin.otf in Resources */,
				99DC91CB2D1BAB05002B9A89 /* PPNeueMontreal-Italic.otf in Resources */,
				99DC91CC2D1BAB05002B9A89 /* PPNeueMontreal-Bold.otf in Resources */,
				99DC91C82D1BAB05002B9A89 /* PPNeueMontreal-Book.otf in Resources */,
				99A0C8F82CA9EF2600F9281A /* Preview Assets.xcassets in Resources */,
				99A0C8F52CA9EF2600F9281A /* Assets.xcassets in Resources */,
				99DC91C92D1BAB05002B9A89 /* PPNeueMontreal-SemiBolditalic.otf in Resources */,
			);
			runOnlyForDeploymentPostprocessing = 0;
		};
/* End PBXResourcesBuildPhase section */

/* Begin PBXSourcesBuildPhase section */
		99A0C8E92CA9EF2400F9281A /* Sources */ = {
			isa = PBXSourcesBuildPhase;
			buildActionMask = 2147483647;
			files = (
				99AC6DE62CE0F99800B0D0D6 /* CachedLoop.swift in Sources */,
				9953BE122D07ADE400348AC3 /* LoopAnalysis.swift in Sources */,
				996F820A2D39EA1300116F86 /* AIPromptManager.swift in Sources */,
				99AC6DDE2CE03CC600B0D0D6 /* AudioBulletJournal.swift in Sources */,
				99CCFBC22D137A2100DA8A55 /* AnalysisState.swift in Sources */,
				9935CEDE2D24DC8400AF0C16 /* ReflectionSelectionView.swift in Sources */,
				9915BAB92CEC332500D3C44B /* AnalysisManager.swift in Sources */,
				9935CED62D239F3400AF0C16 /* AbstractCardBackground.swift in Sources */,
				9953BDFE2CF810AB00348AC3 /* WebView.swift in Sources */,
				999DAC922D21D2A200A6626B /* AnalysisStateLoadingViews.swift in Sources */,
				99AC6DDA2CE01A3E00B0D0D6 /* SendLoopOverlay.swift in Sources */,
				99AC6DE82CE1235400B0D0D6 /* LoopLogoView.swift in Sources */,
				9953BE022CFABA4400348AC3 /* LocalLoopStorageUtility.swift in Sources */,
				9953BE142D0CF79200348AC3 /* AppPromoVid.swift in Sources */,
				990E4AA42CC0A7CD009F88A0 /* InsightModels.swift in Sources */,
				996F82122D3B0B5900116F86 /* ReflectionSessionManager.swift in Sources */,
				990E4A9E2CBDE063009F88A0 /* ViewPastLoopView.swift in Sources */,
				999DAC722D1E239400A6626B /* DayRatingSlider.swift in Sources */,
				99AC6DD62CDFFAFA00B0D0D6 /* LoopChatView.swift in Sources */,
				999DAC882D209AA100A6626B /* TrendGraph.swift in Sources */,
				999DAC782D1FA82100A6626B /* TodaysInsightsView.swift in Sources */,
				9935CED82D23A0A500AF0C16 /* DurationPatternCard.swift in Sources */,
				999DAC8C2D20F4C500A6626B /* MemoryPlaybackView.swift in Sources */,
				996F82102D39FF6300116F86 /* TodaysReflectionPlanView.swift in Sources */,
				990E4A8E2CB48BB9009F88A0 /* SplashScreen.swift in Sources */,
				99DC91B72D1A258A002B9A89 /* WeeklyAnalysis.swift in Sources */,
				9953BDEA2CF25A7C00348AC3 /* MonthSummary.swift in Sources */,
				99DC91B32D19C112002B9A89 /* LoopCard.swift in Sources */,
				9915BAB52CE6AF8D00D3C44B /* DailyCheckinView.swift in Sources */,
				9935CF1B2D30BB8500AF0C16 /* AddSuccessView.swift in Sources */,
				9953BE0E2D07AD9700348AC3 /* TrendModels.swift in Sources */,
				9935CF262D3426FF00AF0C16 /* MoodCheckinView.swift in Sources */,
				99AC6DD82CE0199800B0D0D6 /* FluidParticleBackground.swift in Sources */,
				99CCFBBC2D10DF4300DA8A55 /* CleanGraphView.swift in Sources */,
				9935CEE42D299A7D00AF0C16 /* DailyEmotion.swift in Sources */,
				99DC91B92D1A4658002B9A89 /* WeekInReviewView.swift in Sources */,
				9935CEEA2D29AB9E00AF0C16 /* EmotionSchedulePreview.swift in Sources */,
				996F82082D393E2800116F86 /* TodaysReflectionWidget.swift in Sources */,
				999DAC822D208A1A00A6626B /* FrequencyModels.swift in Sources */,
				99AC6DEA2CE18E9900B0D0D6 /* LoopStreak.swift in Sources */,
				99F31CAD2D0F5DAF00330180 /* StatsLoadingView.swift in Sources */,
				9953BDE02CEE623B00348AC3 /* PulsingView.swift in Sources */,
				9953BDE82CF1834500348AC3 /* ThematicLoop.swift in Sources */,
				9935CEF02D2C75DA00AF0C16 /* FullDayActivityView.swift in Sources */,
				9953BE0C2CFCC0FC00348AC3 /* LoopData.xcdatamodeld in Sources */,
				9953BDDD2CEE620E00348AC3 /* AnimatedBackground.swift in Sources */,
				9953BE002CF8EE9B00348AC3 /* MoodCloudKitUtility.swift in Sources */,
				99DC91BD2D1A50E4002B9A89 /* TranscriptionError.swift in Sources */,
				99F7F6E92CAC792C009858AC /* NotificationManager.swift in Sources */,
				9935CF242D32E1E000AF0C16 /* MoodTrendsManager.swift in Sources */,
				9953BE062CFBB30900348AC3 /* ArtisticBackground.swift in Sources */,
				990E4A962CBDCA51009F88A0 /* VideoRecordingView.swift in Sources */,
				9935CED42D23982200AF0C16 /* SpeakingPatternCard.swift in Sources */,
				99F00AF42D3F3DB7008F1228 /* DayMetrics .swift in Sources */,
				990E4A902CB48BDD009F88A0 /* PageType.swift in Sources */,
				9935CEF82D2CA6BD00AF0C16 /* AITrendAnalysisModels.swift in Sources */,
				999DAC802D2078C400A6626B /* QuantitativeTrendsManager.swift in Sources */,
				99F7F6EB2CAC7935009858AC /* AudioManager.swift in Sources */,
				9953BE082CFCB92600348AC3 /* StoragePreference.swift in Sources */,
				990E4A8C2CB48BAF009F88A0 /* PagesHolderView.swift in Sources */,
				99F31CAB2D0F477500330180 /* Graph.swift in Sources */,
				999DAC7A2D1FA87600A6626B /* AnalysisManagerPreview.swift in Sources */,
				9988DBAE2CDD25C8005628DE /* PastLoopCard.swift in Sources */,
				996F820C2D39F2B200116F86 /* ReflectionCompleteView.swift in Sources */,
				99AC6DDC2CE0226500B0D0D6 /* SettingsView.swift in Sources */,
				999DAC762D1F4E9800A6626B /* AIAnalysis.swift in Sources */,
				99F00AB92D3DA794008F1228 /* SleepCheckinManager.swift in Sources */,
				99F7F6FD2CAF814B009858AC /* RecordLoopsView.swift in Sources */,
				9935CEF62D2C8ECA00AF0C16 /* AcitivtyLocalStorageUtility.swift in Sources */,
				999DAC902D210A5000A6626B /* FeaturedPrompt.swift in Sources */,
				9935CEDC2D24576F00AF0C16 /* TimeLapseDemoView.swift in Sources */,
				9988DB952CDA7F92005628DE /* FriendRequest.swift in Sources */,
				99F7F6F52CAC7DB4009858AC /* LoopManager.swift in Sources */,
				99A0C8F32CA9EF2400F9281A /* ContentView.swift in Sources */,
				99F8F68C2D16FF9400F9C8D0 /* Configuration.swift in Sources */,
				990E4A882CB30EC0009F88A0 /* WavyBackground.swift in Sources */,
				9953BDF82CF4101E00348AC3 /* RecordThematicLoopPromptsView.swift in Sources */,
				9935CEE82D29A3B300AF0C16 /* PreviewScheduleEmotionDay.swift in Sources */,
				9935CEFA2D2DEB4900AF0C16 /* KeyPhraseManager.swift in Sources */,
				9953BDFC2CF8105200348AC3 /* SettingsModels.swift in Sources */,
				9935CEEE2D2ADDD100AF0C16 /* RecordFreeResponseView.swift in Sources */,
				9935CF222D32D93800AF0C16 /* DarkBlueWave.swift in Sources */,
				99F7F6F12CAC7B5B009858AC /* LoopCloudKitUtility.swift in Sources */,
				9953BDE42CF17A5F00348AC3 /* LoadingWaveform.swift in Sources */,
				990E4AA02CBF0E29009F88A0 /* FirstLaunchManager.swift in Sources */,
				99F7F6F72CAC93B4009858AC /* LoopRevealDate.swift in Sources */,
				99F7F6F32CAC7D0F009858AC /* Loop.swift in Sources */,
				9988DB8D2CDA77C8005628DE /* PrivateUserRecord.swift in Sources */,
				9935CEE02D28D07100AF0C16 /* ScheduleView.swift in Sources */,
				9988DB852CD9BFAC005628DE /* FriendsView.swift in Sources */,
				99F7F6E52CAC77E7009858AC /* IntroView.swift in Sources */,
				999DAC7E2D20761400A6626B /* AITrendAnalysisManager.swift in Sources */,
				9935CEE62D299EF400AF0C16 /* ScheduleManager.swift in Sources */,
				996F82062D38719100116F86 /* WaveRatingView.swift in Sources */,
				999DAC702D1E236900A6626B /* DayRating.swift in Sources */,
				9988DB912CDA792F005628DE /* FriendsManager.swift in Sources */,
				999DAC8E2D2107D000A6626B /* RecordFeaturedLoopView.swift in Sources */,
				9953BDFA2CF4253000348AC3 /* PurposeCard.swift in Sources */,
				990E4A862CB30EB8009F88A0 /* LoopAudioConfirmationView.swift in Sources */,
				999DAC842D208B1F00A6626B /* MetricComparison.swift in Sources */,
				99F31CA72D0F2DA300330180 /* RecordFollowUpLoopView.swift in Sources */,
				9988DB8F2CDA77FB005628DE /* PublicUserRecord.swift in Sources */,
				99CCFBC02D122B0E00DA8A55 /* LoopInsightProgressView.swift in Sources */,
				99CCFBB82D10DB9300DA8A55 /* AIAnalyzer.swift in Sources */,
				990E4A922CB48CEF009F88A0 /* InsightsView.swift in Sources */,
				999DAC7C2D20757700A6626B /* DailyAIAnalysis.swift in Sources */,
				9953BE042CFB940500348AC3 /* TabButton.swift in Sources */,
				9953BDE62CF1832100348AC3 /* ThematicLoopCard.swift in Sources */,
				99F00AB72D3DA3D7008F1228 /* SleepCheckInView.swift in Sources */,
				9988DB8B2CD9CAEE005628DE /* SharedLoop.swift in Sources */,
				99DC91BB2D1A50BF002B9A89 /* AudioAnalyzer.swift in Sources */,
				9935CED22D23969600AF0C16 /* SpeakingHighlight.swift in Sources */,
				9935CEF42D2C8E9500AF0C16 /* ActivityCloudKidUtility.swift in Sources */,
				990E4A942CBDCA24009F88A0 /* VideoManager.swift in Sources */,
				99A0C8F12CA9EF2400F9281A /* LoopApp.swift in Sources */,
				9953BE102D07ADC100348AC3 /* LoopComparison.swift in Sources */,
				99F7F6E72CAC77F4009858AC /* HomeView.swift in Sources */,
				9915BAB72CE6AF9E00D3C44B /* DailyCheckinManager.swift in Sources */,
				9935CF182D3082CE00AF0C16 /* GoalManager.swift in Sources */,
				9935CEFC2D2F1DD000AF0C16 /* TopEmotionsCard.swift in Sources */,
				996F820E2D39FECD00116F86 /* ReflectionCardManager.swift in Sources */,
				9953BDF62CF40E4A00348AC3 /* ProgressIndicator.swift in Sources */,
				99A0C9042CA9F70500F9281A /* UserCloudKitUtility.swift in Sources */,
				99CCFBBE2D121F2400DA8A55 /* EmptyStateView.swift in Sources */,
				99F7F6FF2CAF8580009858AC /* Extensions.swift in Sources */,
				99DC91B52D19C59B002B9A89 /* AudioWaveform.swift in Sources */,
				9935CEDA2D23A0C200AF0C16 /* WordCountPatternCard.swift in Sources */,
				99AC6DD42CDED81100B0D0D6 /* LoopsView.swift in Sources */,
				990E4A8A2CB47FEE009F88A0 /* LaunchManager.swift in Sources */,
				990E4A9C2CBDD1BB009F88A0 /* LoopVideoConfirmationView.swift in Sources */,
				990E4A9A2CBDD091009F88A0 /* VideoRecordButton.swift in Sources */,
				999DAC662D1DB54A00A6626B /* AllThemesView.swift in Sources */,
				9953BDF22CF3A02400348AC3 /* PromptSet.swift in Sources */,
				99F31CA92D0F31AF00330180 /* FollowUp.swift in Sources */,
				990E4A842CB30EAB009F88A0 /* ThankYouView.swift in Sources */,
				999DAC862D20994400A6626B /* TrendsView.swift in Sources */,
				9988DB972CDA8508005628DE /* AddFriends.swift in Sources */,
				999DAC8A2D20AD3700A6626B /* TrendsLoadingView.swift in Sources */,
				9935CEF22D2C8C7700AF0C16 /* DayActivity.swift in Sources */,
				9935CF282D34342000AF0C16 /* EntryCardTabView.swift in Sources */,
				99F00AB52D3D9C90008F1228 /* WavePattern.swift in Sources */,
				99F00ABB2D3DC159008F1228 /* TrendsManager.swift in Sources */,
			);
			runOnlyForDeploymentPostprocessing = 0;
		};
/* End PBXSourcesBuildPhase section */

/* Begin XCBuildConfiguration section */
		99A0C8F92CA9EF2600F9281A /* Debug */ = {
			isa = XCBuildConfiguration;
			buildSettings = {
				ALWAYS_SEARCH_USER_PATHS = NO;
				ASSETCATALOG_COMPILER_GENERATE_SWIFT_ASSET_SYMBOL_EXTENSIONS = YES;
				CLANG_ANALYZER_NONNULL = YES;
				CLANG_ANALYZER_NUMBER_OBJECT_CONVERSION = YES_AGGRESSIVE;
				CLANG_CXX_LANGUAGE_STANDARD = "gnu++20";
				CLANG_ENABLE_MODULES = YES;
				CLANG_ENABLE_OBJC_ARC = YES;
				CLANG_ENABLE_OBJC_WEAK = YES;
				CLANG_WARN_BLOCK_CAPTURE_AUTORELEASING = YES;
				CLANG_WARN_BOOL_CONVERSION = YES;
				CLANG_WARN_COMMA = YES;
				CLANG_WARN_CONSTANT_CONVERSION = YES;
				CLANG_WARN_DEPRECATED_OBJC_IMPLEMENTATIONS = YES;
				CLANG_WARN_DIRECT_OBJC_ISA_USAGE = YES_ERROR;
				CLANG_WARN_DOCUMENTATION_COMMENTS = YES;
				CLANG_WARN_EMPTY_BODY = YES;
				CLANG_WARN_ENUM_CONVERSION = YES;
				CLANG_WARN_INFINITE_RECURSION = YES;
				CLANG_WARN_INT_CONVERSION = YES;
				CLANG_WARN_NON_LITERAL_NULL_CONVERSION = YES;
				CLANG_WARN_OBJC_IMPLICIT_RETAIN_SELF = YES;
				CLANG_WARN_OBJC_LITERAL_CONVERSION = YES;
				CLANG_WARN_OBJC_ROOT_CLASS = YES_ERROR;
				CLANG_WARN_QUOTED_INCLUDE_IN_FRAMEWORK_HEADER = YES;
				CLANG_WARN_RANGE_LOOP_ANALYSIS = YES;
				CLANG_WARN_STRICT_PROTOTYPES = YES;
				CLANG_WARN_SUSPICIOUS_MOVE = YES;
				CLANG_WARN_UNGUARDED_AVAILABILITY = YES_AGGRESSIVE;
				CLANG_WARN_UNREACHABLE_CODE = YES;
				CLANG_WARN__DUPLICATE_METHOD_MATCH = YES;
				COPY_PHASE_STRIP = NO;
				DEBUG_INFORMATION_FORMAT = dwarf;
				ENABLE_STRICT_OBJC_MSGSEND = YES;
				ENABLE_TESTABILITY = YES;
				ENABLE_USER_SCRIPT_SANDBOXING = YES;
				GCC_C_LANGUAGE_STANDARD = gnu17;
				GCC_DYNAMIC_NO_PIC = NO;
				GCC_NO_COMMON_BLOCKS = YES;
				GCC_OPTIMIZATION_LEVEL = 0;
				GCC_PREPROCESSOR_DEFINITIONS = (
					"DEBUG=1",
					"$(inherited)",
				);
				GCC_WARN_64_TO_32_BIT_CONVERSION = YES;
				GCC_WARN_ABOUT_RETURN_TYPE = YES_ERROR;
				GCC_WARN_UNDECLARED_SELECTOR = YES;
				GCC_WARN_UNINITIALIZED_AUTOS = YES_AGGRESSIVE;
				GCC_WARN_UNUSED_FUNCTION = YES;
				GCC_WARN_UNUSED_VARIABLE = YES;
				IPHONEOS_DEPLOYMENT_TARGET = 17.0;
				LOCALIZATION_PREFERS_STRING_CATALOGS = YES;
				MTL_ENABLE_DEBUG_INFO = INCLUDE_SOURCE;
				MTL_FAST_MATH = YES;
				ONLY_ACTIVE_ARCH = YES;
				SDKROOT = iphoneos;
				SWIFT_ACTIVE_COMPILATION_CONDITIONS = "DEBUG $(inherited)";
				SWIFT_OPTIMIZATION_LEVEL = "-Onone";
			};
			name = Debug;
		};
		99A0C8FA2CA9EF2600F9281A /* Release */ = {
			isa = XCBuildConfiguration;
			buildSettings = {
				ALWAYS_SEARCH_USER_PATHS = NO;
				ASSETCATALOG_COMPILER_GENERATE_SWIFT_ASSET_SYMBOL_EXTENSIONS = YES;
				CLANG_ANALYZER_NONNULL = YES;
				CLANG_ANALYZER_NUMBER_OBJECT_CONVERSION = YES_AGGRESSIVE;
				CLANG_CXX_LANGUAGE_STANDARD = "gnu++20";
				CLANG_ENABLE_MODULES = YES;
				CLANG_ENABLE_OBJC_ARC = YES;
				CLANG_ENABLE_OBJC_WEAK = YES;
				CLANG_WARN_BLOCK_CAPTURE_AUTORELEASING = YES;
				CLANG_WARN_BOOL_CONVERSION = YES;
				CLANG_WARN_COMMA = YES;
				CLANG_WARN_CONSTANT_CONVERSION = YES;
				CLANG_WARN_DEPRECATED_OBJC_IMPLEMENTATIONS = YES;
				CLANG_WARN_DIRECT_OBJC_ISA_USAGE = YES_ERROR;
				CLANG_WARN_DOCUMENTATION_COMMENTS = YES;
				CLANG_WARN_EMPTY_BODY = YES;
				CLANG_WARN_ENUM_CONVERSION = YES;
				CLANG_WARN_INFINITE_RECURSION = YES;
				CLANG_WARN_INT_CONVERSION = YES;
				CLANG_WARN_NON_LITERAL_NULL_CONVERSION = YES;
				CLANG_WARN_OBJC_IMPLICIT_RETAIN_SELF = YES;
				CLANG_WARN_OBJC_LITERAL_CONVERSION = YES;
				CLANG_WARN_OBJC_ROOT_CLASS = YES_ERROR;
				CLANG_WARN_QUOTED_INCLUDE_IN_FRAMEWORK_HEADER = YES;
				CLANG_WARN_RANGE_LOOP_ANALYSIS = YES;
				CLANG_WARN_STRICT_PROTOTYPES = YES;
				CLANG_WARN_SUSPICIOUS_MOVE = YES;
				CLANG_WARN_UNGUARDED_AVAILABILITY = YES_AGGRESSIVE;
				CLANG_WARN_UNREACHABLE_CODE = YES;
				CLANG_WARN__DUPLICATE_METHOD_MATCH = YES;
				COPY_PHASE_STRIP = NO;
				DEBUG_INFORMATION_FORMAT = "dwarf-with-dsym";
				ENABLE_NS_ASSERTIONS = NO;
				ENABLE_STRICT_OBJC_MSGSEND = YES;
				ENABLE_USER_SCRIPT_SANDBOXING = YES;
				GCC_C_LANGUAGE_STANDARD = gnu17;
				GCC_NO_COMMON_BLOCKS = YES;
				GCC_WARN_64_TO_32_BIT_CONVERSION = YES;
				GCC_WARN_ABOUT_RETURN_TYPE = YES_ERROR;
				GCC_WARN_UNDECLARED_SELECTOR = YES;
				GCC_WARN_UNINITIALIZED_AUTOS = YES_AGGRESSIVE;
				GCC_WARN_UNUSED_FUNCTION = YES;
				GCC_WARN_UNUSED_VARIABLE = YES;
				IPHONEOS_DEPLOYMENT_TARGET = 17.0;
				LOCALIZATION_PREFERS_STRING_CATALOGS = YES;
				MTL_ENABLE_DEBUG_INFO = NO;
				MTL_FAST_MATH = YES;
				SDKROOT = iphoneos;
				SWIFT_COMPILATION_MODE = wholemodule;
				VALIDATE_PRODUCT = YES;
			};
			name = Release;
		};
		99A0C8FC2CA9EF2600F9281A /* Debug */ = {
			isa = XCBuildConfiguration;
			buildSettings = {
				ASSETCATALOG_COMPILER_APPICON_NAME = AppIcon;
				ASSETCATALOG_COMPILER_GLOBAL_ACCENT_COLOR_NAME = AccentColor;
				CODE_SIGN_ENTITLEMENTS = Loop/Loop.debug.entitlements;
				CODE_SIGN_IDENTITY = "Apple Development";
				CODE_SIGN_STYLE = Automatic;
				CURRENT_PROJECT_VERSION = 1;
				DEVELOPMENT_ASSET_PATHS = "\"Loop/Preview Content\"";
				DEVELOPMENT_TEAM = NDZ2DG6484;
				ENABLE_PREVIEWS = YES;
				GENERATE_INFOPLIST_FILE = YES;
				INFOPLIST_FILE = Loop/Info.plist;
				INFOPLIST_KEY_NSCameraUsageDescription = "Required to record video loops";
				INFOPLIST_KEY_NSContactsUsageDescription = "To See Users using loop";
				INFOPLIST_KEY_NSMicrophoneUsageDescription = "So that you can Loop!";
				INFOPLIST_KEY_NSSpeechRecognitionUsageDescription = "For Journal Analytics!";
				INFOPLIST_KEY_UIApplicationSceneManifest_Generation = YES;
				INFOPLIST_KEY_UIApplicationSupportsIndirectInputEvents = YES;
				INFOPLIST_KEY_UILaunchScreen_Generation = YES;
				INFOPLIST_KEY_UISupportedInterfaceOrientations = UIInterfaceOrientationPortrait;
				INFOPLIST_KEY_UISupportedInterfaceOrientations_iPad = "UIInterfaceOrientationLandscapeLeft UIInterfaceOrientationLandscapeRight UIInterfaceOrientationPortrait UIInterfaceOrientationPortraitUpsideDown";
				LD_RUNPATH_SEARCH_PATHS = (
					"$(inherited)",
					"@executable_path/Frameworks",
				);
				MARKETING_VERSION = 1.0;
				PRODUCT_BUNDLE_IDENTIFIER = com.LoopApplication;
				PRODUCT_NAME = "$(TARGET_NAME)";
				PROVISIONING_PROFILE_SPECIFIER = "";
				SWIFT_EMIT_LOC_STRINGS = YES;
				SWIFT_VERSION = 5.0;
				TARGETED_DEVICE_FAMILY = "1,2";
			};
			name = Debug;
		};
		99A0C8FD2CA9EF2600F9281A /* Release */ = {
			isa = XCBuildConfiguration;
			buildSettings = {
				ASSETCATALOG_COMPILER_APPICON_NAME = AppIcon;
				ASSETCATALOG_COMPILER_GLOBAL_ACCENT_COLOR_NAME = AccentColor;
				CODE_SIGN_ENTITLEMENTS = Loop/Loop.entitlements;
				CODE_SIGN_IDENTITY = "Apple Development";
				CODE_SIGN_STYLE = Automatic;
				CURRENT_PROJECT_VERSION = 1;
				DEVELOPMENT_ASSET_PATHS = "\"Loop/Preview Content\"";
				DEVELOPMENT_TEAM = NDZ2DG6484;
				ENABLE_PREVIEWS = YES;
				GENERATE_INFOPLIST_FILE = YES;
				INFOPLIST_FILE = Loop/Info.plist;
				INFOPLIST_KEY_NSCameraUsageDescription = "Required to record video loops";
				INFOPLIST_KEY_NSContactsUsageDescription = "To See Users using loop";
				INFOPLIST_KEY_NSMicrophoneUsageDescription = "So that you can Loop!";
				INFOPLIST_KEY_NSSpeechRecognitionUsageDescription = "For Journal Analytics!";
				INFOPLIST_KEY_UIApplicationSceneManifest_Generation = YES;
				INFOPLIST_KEY_UIApplicationSupportsIndirectInputEvents = YES;
				INFOPLIST_KEY_UILaunchScreen_Generation = YES;
				INFOPLIST_KEY_UISupportedInterfaceOrientations = UIInterfaceOrientationPortrait;
				INFOPLIST_KEY_UISupportedInterfaceOrientations_iPad = "UIInterfaceOrientationLandscapeLeft UIInterfaceOrientationLandscapeRight UIInterfaceOrientationPortrait UIInterfaceOrientationPortraitUpsideDown";
				LD_RUNPATH_SEARCH_PATHS = (
					"$(inherited)",
					"@executable_path/Frameworks",
				);
				MARKETING_VERSION = 1.0;
				PRODUCT_BUNDLE_IDENTIFIER = com.LoopApplication;
				PRODUCT_NAME = "$(TARGET_NAME)";
				PROVISIONING_PROFILE_SPECIFIER = "";
				SWIFT_EMIT_LOC_STRINGS = YES;
				SWIFT_VERSION = 5.0;
				TARGETED_DEVICE_FAMILY = "1,2";
			};
			name = Release;
		};
/* End XCBuildConfiguration section */

/* Begin XCConfigurationList section */
		99A0C8E82CA9EF2400F9281A /* Build configuration list for PBXProject "Loop" */ = {
			isa = XCConfigurationList;
			buildConfigurations = (
				99A0C8F92CA9EF2600F9281A /* Debug */,
				99A0C8FA2CA9EF2600F9281A /* Release */,
			);
			defaultConfigurationIsVisible = 0;
			defaultConfigurationName = Release;
		};
		99A0C8FB2CA9EF2600F9281A /* Build configuration list for PBXNativeTarget "Loop" */ = {
			isa = XCConfigurationList;
			buildConfigurations = (
				99A0C8FC2CA9EF2600F9281A /* Debug */,
				99A0C8FD2CA9EF2600F9281A /* Release */,
			);
			defaultConfigurationIsVisible = 0;
			defaultConfigurationName = Release;
		};
/* End XCConfigurationList section */

/* Begin XCRemoteSwiftPackageReference section */
		9988DBA42CDADE37005628DE /* XCRemoteSwiftPackageReference "PhoneNumberKit" */ = {
			isa = XCRemoteSwiftPackageReference;
			repositoryURL = "https://github.com/marmelroy/PhoneNumberKit.git";
			requirement = {
				kind = upToNextMajorVersion;
				minimumVersion = 4.0.0;
			};
		};
		99CCFBC32D1509BF00DA8A55 /* XCRemoteSwiftPackageReference "whisperkit" */ = {
			isa = XCRemoteSwiftPackageReference;
			repositoryURL = "https://github.com/argmaxinc/whisperkit";
			requirement = {
				branch = main;
				kind = branch;
			};
		};
/* End XCRemoteSwiftPackageReference section */

/* Begin XCVersionGroup section */
		9953BE0A2CFCC0FC00348AC3 /* LoopData.xcdatamodeld */ = {
			isa = XCVersionGroup;
			children = (
				99F00AF52D3F61FD008F1228 /* LoopDataNew.xcdatamodel */,
				9935CF2A2D36373500AF0C16 /* LoopDataNext.xcdatamodel */,
				9953BE0B2CFCC0FC00348AC3 /* LoopData.xcdatamodel */,
			);
			currentVersion = 9953BE0B2CFCC0FC00348AC3 /* LoopData.xcdatamodel */;
			path = LoopData.xcdatamodeld;
			sourceTree = "<group>";
			versionGroupType = wrapper.xcdatamodel;
		};
/* End XCVersionGroup section */
	};
	rootObject = 99A0C8E52CA9EF2400F9281A /* Project object */;
}
